// !$*UTF8*$!
{
	archiveVersion = 1;
	classes = {
	};
	objectVersion = 51;
	objects = {

/* Begin PBXBuildFile section */
		04A60C67EC6EA67140E418F4 /* libPods-Concerto.a in Frameworks */ = {isa = PBXBuildFile; fileRef = BBFD88E08EB3E11214EFF83C /* libPods-Concerto.a */; };
		BA1843E226343619009ACFC8 /* myProjectViewController.m in Sources */ = {isa = PBXBuildFile; fileRef = BA1843E126343619009ACFC8 /* myProjectViewController.m */; };
		BA1843EC2634362C009ACFC8 /* MainViewController.m in Sources */ = {isa = PBXBuildFile; fileRef = BA1843EB2634362C009ACFC8 /* MainViewController.m */; };
		BA1843F62634363D009ACFC8 /* MyViewController.m in Sources */ = {isa = PBXBuildFile; fileRef = BA1843F52634363D009ACFC8 /* MyViewController.m */; };
		BA1843FF263437E2009ACFC8 /* MainTabViewController.m in Sources */ = {isa = PBXBuildFile; fileRef = BA1843FE263437E2009ACFC8 /* MainTabViewController.m */; };
		BA184405263443D2009ACFC8 /* ChildViewController.m in Sources */ = {isa = PBXBuildFile; fileRef = BA184404263443D2009ACFC8 /* ChildViewController.m */; };
		BA89223A2644011A0073AEBE /* participant.m in Sources */ = {isa = PBXBuildFile; fileRef = BA8922392644011A0073AEBE /* participant.m */; };
		BA8922402644016F0073AEBE /* subTask.m in Sources */ = {isa = PBXBuildFile; fileRef = BA89223F2644016F0073AEBE /* subTask.m */; };
		BA892253264404E00073AEBE /* YCMenuView.m in Sources */ = {isa = PBXBuildFile; fileRef = BA892252264404E00073AEBE /* YCMenuView.m */; };
		BA89226526440E2B0073AEBE /* LSTPopView.m in Sources */ = {isa = PBXBuildFile; fileRef = BA89225B26440E2B0073AEBE /* LSTPopView.m */; };
		BA89226626440E2B0073AEBE /* UIView+LSTPV.m in Sources */ = {isa = PBXBuildFile; fileRef = BA89225E26440E2B0073AEBE /* UIView+LSTPV.m */; };
		BA89226726440E2B0073AEBE /* LSTAlert.m in Sources */ = {isa = PBXBuildFile; fileRef = BA89226026440E2B0073AEBE /* LSTAlert.m */; };
		BA89227426440F9A0073AEBE /* LSTTimer.m in Sources */ = {isa = PBXBuildFile; fileRef = BA89227026440F9A0073AEBE /* LSTTimer.m */; };
		BA8922B726441E530073AEBE /* PGDatePicker+Date.m in Sources */ = {isa = PBXBuildFile; fileRef = BA89228726441E520073AEBE /* PGDatePicker+Date.m */; };
		BA8922B826441E530073AEBE /* PGDatePicker+MinuteAndSecond.m in Sources */ = {isa = PBXBuildFile; fileRef = BA89228926441E520073AEBE /* PGDatePicker+MinuteAndSecond.m */; };
		BA8922B926441E530073AEBE /* PGDatePicker.m in Sources */ = {isa = PBXBuildFile; fileRef = BA89228A26441E520073AEBE /* PGDatePicker.m */; };
		BA8922BA26441E530073AEBE /* UIColor+PGHex.m in Sources */ = {isa = PBXBuildFile; fileRef = BA89228B26441E520073AEBE /* UIColor+PGHex.m */; };
		BA8922BB26441E530073AEBE /* PGDatePickerView.m in Sources */ = {isa = PBXBuildFile; fileRef = BA89228C26441E520073AEBE /* PGDatePickerView.m */; };
		BA8922BC26441E530073AEBE /* PGDatePicker+MonthDayHour.m in Sources */ = {isa = PBXBuildFile; fileRef = BA89229026441E520073AEBE /* PGDatePicker+MonthDayHour.m */; };
		BA8922BD26441E530073AEBE /* PGDatePicker+YearAndMonth.m in Sources */ = {isa = PBXBuildFile; fileRef = BA89229126441E520073AEBE /* PGDatePicker+YearAndMonth.m */; };
		BA8922BE26441E530073AEBE /* PGDatePicker+Time.m in Sources */ = {isa = PBXBuildFile; fileRef = BA89229526441E530073AEBE /* PGDatePicker+Time.m */; };
		BA8922BF26441E530073AEBE /* PGDatePickManager.m in Sources */ = {isa = PBXBuildFile; fileRef = BA89229726441E530073AEBE /* PGDatePickManager.m */; };
		BA8922C026441E530073AEBE /* PGDatePicker+Logic.m in Sources */ = {isa = PBXBuildFile; fileRef = BA89229B26441E530073AEBE /* PGDatePicker+Logic.m */; };
		BA8922C126441E530073AEBE /* NSBundle+PGDatePicker.m in Sources */ = {isa = PBXBuildFile; fileRef = BA89229C26441E530073AEBE /* NSBundle+PGDatePicker.m */; };
		BA8922C226441E530073AEBE /* PGDatePicker+MonthDayHourMinute.m in Sources */ = {isa = PBXBuildFile; fileRef = BA8922A126441E530073AEBE /* PGDatePicker+MonthDayHourMinute.m */; };
		BA8922C326441E530073AEBE /* PGDatePicker+MonthDayHourMinuteSecond.m in Sources */ = {isa = PBXBuildFile; fileRef = BA8922A226441E530073AEBE /* PGDatePicker+MonthDayHourMinuteSecond.m */; };
		BA8922C426441E530073AEBE /* PGDatePicker+DateHourMinute.m in Sources */ = {isa = PBXBuildFile; fileRef = BA8922A526441E530073AEBE /* PGDatePicker+DateHourMinute.m */; };
		BA8922C526441E530073AEBE /* NSDate+PGCategory.m in Sources */ = {isa = PBXBuildFile; fileRef = BA8922A626441E530073AEBE /* NSDate+PGCategory.m */; };
		BA8922C626441E530073AEBE /* PGDatePicker+DateHour.m in Sources */ = {isa = PBXBuildFile; fileRef = BA8922A826441E530073AEBE /* PGDatePicker+DateHour.m */; };
		BA8922C726441E530073AEBE /* PGDatePicker.bundle in Resources */ = {isa = PBXBuildFile; fileRef = BA8922AC26441E530073AEBE /* PGDatePicker.bundle */; };
		BA8922C826441E530073AEBE /* PGDatePicker+TimeAndSecond.m in Sources */ = {isa = PBXBuildFile; fileRef = BA8922AD26441E530073AEBE /* PGDatePicker+TimeAndSecond.m */; };
		BA8922C926441E530073AEBE /* PGDatePicker+DateAndTime.m in Sources */ = {isa = PBXBuildFile; fileRef = BA8922AE26441E530073AEBE /* PGDatePicker+DateAndTime.m */; };
		BA8922CA26441E530073AEBE /* PGDatePicker+Common.m in Sources */ = {isa = PBXBuildFile; fileRef = BA8922AF26441E530073AEBE /* PGDatePicker+Common.m */; };
		BA8922CB26441E530073AEBE /* PGDatePicker+MonthDay.m in Sources */ = {isa = PBXBuildFile; fileRef = BA8922B226441E530073AEBE /* PGDatePicker+MonthDay.m */; };
		BA8922CC26441E530073AEBE /* PGDatePickManagerHeaderView.m in Sources */ = {isa = PBXBuildFile; fileRef = BA8922B326441E530073AEBE /* PGDatePickManagerHeaderView.m */; };
		BA8922CD26441E530073AEBE /* PGDatePicker+Year.m in Sources */ = {isa = PBXBuildFile; fileRef = BA8922B426441E530073AEBE /* PGDatePicker+Year.m */; };
		BA8922CE26441E530073AEBE /* PGDatePicker+DateHourMinuteSecond.m in Sources */ = {isa = PBXBuildFile; fileRef = BA8922B626441E530073AEBE /* PGDatePicker+DateHourMinuteSecond.m */; };
		BA8922DB26441F3E0073AEBE /* PGPickerColumnCell.m in Sources */ = {isa = PBXBuildFile; fileRef = BA8922D326441F3E0073AEBE /* PGPickerColumnCell.m */; };
		BA8922DC26441F3E0073AEBE /* PGPickerColumnView.m in Sources */ = {isa = PBXBuildFile; fileRef = BA8922D426441F3E0073AEBE /* PGPickerColumnView.m */; };
		BA8922DD26441F3E0073AEBE /* PGPickerView.m in Sources */ = {isa = PBXBuildFile; fileRef = BA8922D926441F3E0073AEBE /* PGPickerView.m */; };
		BA8922DE26441F3E0073AEBE /* PGPickerTableView.m in Sources */ = {isa = PBXBuildFile; fileRef = BA8922DA26441F3E0073AEBE /* PGPickerTableView.m */; };
		BA8922E726442A470073AEBE /* LCProgressHUD.m in Sources */ = {isa = PBXBuildFile; fileRef = BA8922E526442A470073AEBE /* LCProgressHUD.m */; };
		BA8922ED26442AC50073AEBE /* MBProgressHUD.m in Sources */ = {isa = PBXBuildFile; fileRef = BA8922EB26442AC40073AEBE /* MBProgressHUD.m */; };
		BA8922F3264433150073AEBE /* Project.m in Sources */ = {isa = PBXBuildFile; fileRef = BA8922F2264433150073AEBE /* Project.m */; };
		BA8C73D2263FCEB300C0247D /* CCFetchTool.m in Sources */ = {isa = PBXBuildFile; fileRef = BA8C73D0263FCEB300C0247D /* CCFetchTool.m */; };
		BA8C73D9263FD4D900C0247D /* ProjectDetailViewController.m in Sources */ = {isa = PBXBuildFile; fileRef = BA8C73D8263FD4D900C0247D /* ProjectDetailViewController.m */; };
		BA8C73DF263FD65600C0247D /* Task.m in Sources */ = {isa = PBXBuildFile; fileRef = BA8C73DE263FD65600C0247D /* Task.m */; };
		BA8C73E5263FD76700C0247D /* tag.m in Sources */ = {isa = PBXBuildFile; fileRef = BA8C73E4263FD76700C0247D /* tag.m */; };
		BA8FEE612646A16E003100CC /* ChildProjectDetailViewController.m in Sources */ = {isa = PBXBuildFile; fileRef = BA8FEE602646A16E003100CC /* ChildProjectDetailViewController.m */; };
		BA8FEE672646A6CD003100CC /* DetailViewController.m in Sources */ = {isa = PBXBuildFile; fileRef = BA8FEE662646A6CD003100CC /* DetailViewController.m */; };
		BA8FEE6D2646C164003100CC /* PersonalViewController.m in Sources */ = {isa = PBXBuildFile; fileRef = BA8FEE6C2646C164003100CC /* PersonalViewController.m */; };
		BA8FEE732646C7E4003100CC /* NewTaskViewController.m in Sources */ = {isa = PBXBuildFile; fileRef = BA8FEE722646C7E4003100CC /* NewTaskViewController.m */; };
		BA90523326384E82005CAD03 /* RespondObject.m in Sources */ = {isa = PBXBuildFile; fileRef = BA90523226384E82005CAD03 /* RespondObject.m */; };
		BAA397772631BEDD000C0A34 /* ViewManager.m in Sources */ = {isa = PBXBuildFile; fileRef = BAA397752631BEDD000C0A34 /* ViewManager.m */; };
		BAA3977F2631BFC4000C0A34 /* LoginViewController.m in Sources */ = {isa = PBXBuildFile; fileRef = BAA3977E2631BFC4000C0A34 /* LoginViewController.m */; };
		BAA6E2E52638FF4400A63F83 /* userInfo.m in Sources */ = {isa = PBXBuildFile; fileRef = BAA6E2E42638FF4400A63F83 /* userInfo.m */; };
		BAA76AFB26329C3C005DC327 /* LICENSE in Resources */ = {isa = PBXBuildFile; fileRef = BAA76AD526329C3C005DC327 /* LICENSE */; };
		BAA76AFC26329C3C005DC327 /* README.md in Resources */ = {isa = PBXBuildFile; fileRef = BAA76AD626329C3C005DC327 /* README.md */; };
		BAA76AFD26329C3C005DC327 /* UIProgressView+AFNetworking.m in Sources */ = {isa = PBXBuildFile; fileRef = BAA76AD826329C3C005DC327 /* UIProgressView+AFNetworking.m */; };
		BAA76AFE26329C3C005DC327 /* UIRefreshControl+AFNetworking.m in Sources */ = {isa = PBXBuildFile; fileRef = BAA76ADA26329C3C005DC327 /* UIRefreshControl+AFNetworking.m */; };
		BAA76AFF26329C3C005DC327 /* AFNetworkActivityIndicatorManager.m in Sources */ = {isa = PBXBuildFile; fileRef = BAA76ADD26329C3C005DC327 /* AFNetworkActivityIndicatorManager.m */; };
		BAA76B0026329C3C005DC327 /* UIImageView+AFNetworking.m in Sources */ = {isa = PBXBuildFile; fileRef = BAA76AE326329C3C005DC327 /* UIImageView+AFNetworking.m */; };
		BAA76B0126329C3C005DC327 /* UIButton+AFNetworking.m in Sources */ = {isa = PBXBuildFile; fileRef = BAA76AE626329C3C005DC327 /* UIButton+AFNetworking.m */; };
		BAA76B0226329C3C005DC327 /* UIActivityIndicatorView+AFNetworking.m in Sources */ = {isa = PBXBuildFile; fileRef = BAA76AE726329C3C005DC327 /* UIActivityIndicatorView+AFNetworking.m */; };
		BAA76B0326329C3C005DC327 /* UIWebView+AFNetworking.m in Sources */ = {isa = PBXBuildFile; fileRef = BAA76AE826329C3C005DC327 /* UIWebView+AFNetworking.m */; };
		BAA76B0426329C3C005DC327 /* AFAutoPurgingImageCache.m in Sources */ = {isa = PBXBuildFile; fileRef = BAA76AE926329C3C005DC327 /* AFAutoPurgingImageCache.m */; };
		BAA76B0526329C3C005DC327 /* AFImageDownloader.m in Sources */ = {isa = PBXBuildFile; fileRef = BAA76AEB26329C3C005DC327 /* AFImageDownloader.m */; };
		BAA76B0626329C3C005DC327 /* AFURLResponseSerialization.m in Sources */ = {isa = PBXBuildFile; fileRef = BAA76AF126329C3C005DC327 /* AFURLResponseSerialization.m */; };
		BAA76B0726329C3C005DC327 /* AFHTTPSessionManager.m in Sources */ = {isa = PBXBuildFile; fileRef = BAA76AF226329C3C005DC327 /* AFHTTPSessionManager.m */; };
		BAA76B0826329C3C005DC327 /* AFURLSessionManager.m in Sources */ = {isa = PBXBuildFile; fileRef = BAA76AF426329C3C005DC327 /* AFURLSessionManager.m */; };
		BAA76B0926329C3C005DC327 /* AFURLRequestSerialization.m in Sources */ = {isa = PBXBuildFile; fileRef = BAA76AF526329C3C005DC327 /* AFURLRequestSerialization.m */; };
		BAA76B0A26329C3C005DC327 /* AFNetworkReachabilityManager.m in Sources */ = {isa = PBXBuildFile; fileRef = BAA76AF726329C3C005DC327 /* AFNetworkReachabilityManager.m */; };
		BAA76B0B26329C3C005DC327 /* AFSecurityPolicy.m in Sources */ = {isa = PBXBuildFile; fileRef = BAA76AF826329C3C005DC327 /* AFSecurityPolicy.m */; };
		BAA76B1C2632B4CF005DC327 /* RegisteViewController.m in Sources */ = {isa = PBXBuildFile; fileRef = BAA76B1B2632B4CF005DC327 /* RegisteViewController.m */; };
		BAC52C8E264813B100BFA69E /* WSHPickerView.m in Sources */ = {isa = PBXBuildFile; fileRef = BAC52C8C264813B100BFA69E /* WSHPickerView.m */; };
		BAC52C942648168300BFA69E /* selectPersonViewController.m in Sources */ = {isa = PBXBuildFile; fileRef = BAC52C932648168300BFA69E /* selectPersonViewController.m */; };
		BAF619ED2631230A004804DA /* AppDelegate.m in Sources */ = {isa = PBXBuildFile; fileRef = BAF619EC2631230A004804DA /* AppDelegate.m */; };
		BAF619F32631230A004804DA /* ViewController.m in Sources */ = {isa = PBXBuildFile; fileRef = BAF619F22631230A004804DA /* ViewController.m */; };
		BAF619F62631230A004804DA /* Main.storyboard in Resources */ = {isa = PBXBuildFile; fileRef = BAF619F42631230A004804DA /* Main.storyboard */; };
		BAF619F82631230B004804DA /* Assets.xcassets in Resources */ = {isa = PBXBuildFile; fileRef = BAF619F72631230B004804DA /* Assets.xcassets */; };
		BAF619FB2631230B004804DA /* LaunchScreen.storyboard in Resources */ = {isa = PBXBuildFile; fileRef = BAF619F92631230B004804DA /* LaunchScreen.storyboard */; };
		BAF619FE2631230B004804DA /* main.m in Sources */ = {isa = PBXBuildFile; fileRef = BAF619FD2631230B004804DA /* main.m */; };
		BAF61A082631230B004804DA /* ConcertoTests.m in Sources */ = {isa = PBXBuildFile; fileRef = BAF61A072631230B004804DA /* ConcertoTests.m */; };
		BAF61A132631230B004804DA /* ConcertoUITests.m in Sources */ = {isa = PBXBuildFile; fileRef = BAF61A122631230B004804DA /* ConcertoUITests.m */; };
		BAF61A352631232E004804DA /* AppData.m in Sources */ = {isa = PBXBuildFile; fileRef = BAF61A282631232E004804DA /* AppData.m */; };
		BAF61A362631232E004804DA /* Readme in Resources */ = {isa = PBXBuildFile; fileRef = BAF61A292631232E004804DA /* Readme */; };
		BAF61A372631232E004804DA /* NullSafe.m in Sources */ = {isa = PBXBuildFile; fileRef = BAF61A2B2631232E004804DA /* NullSafe.m */; };
		BAF61A392631232E004804DA /* ApiManager.m in Sources */ = {isa = PBXBuildFile; fileRef = BAF61A2F2631232E004804DA /* ApiManager.m */; };
		BAF61A3A2631232E004804DA /* UnitCell.m in Sources */ = {isa = PBXBuildFile; fileRef = BAF61A302631232E004804DA /* UnitCell.m */; };
		BAF61A3B2631232E004804DA /* CreateBase.m in Sources */ = {isa = PBXBuildFile; fileRef = BAF61A332631232E004804DA /* CreateBase.m */; };
/* End PBXBuildFile section */

/* Begin PBXContainerItemProxy section */
		BAF61A042631230B004804DA /* PBXContainerItemProxy */ = {
			isa = PBXContainerItemProxy;
			containerPortal = BAF619E02631230A004804DA /* Project object */;
			proxyType = 1;
			remoteGlobalIDString = BAF619E72631230A004804DA;
			remoteInfo = Concerto;
		};
		BAF61A0F2631230B004804DA /* PBXContainerItemProxy */ = {
			isa = PBXContainerItemProxy;
			containerPortal = BAF619E02631230A004804DA /* Project object */;
			proxyType = 1;
			remoteGlobalIDString = BAF619E72631230A004804DA;
			remoteInfo = Concerto;
		};
/* End PBXContainerItemProxy section */

/* Begin PBXFileReference section */
		402A4073F2CAC24ED88DA8F9 /* Pods-Concerto.debug.xcconfig */ = {isa = PBXFileReference; includeInIndex = 1; lastKnownFileType = text.xcconfig; name = "Pods-Concerto.debug.xcconfig"; path = "Target Support Files/Pods-Concerto/Pods-Concerto.debug.xcconfig"; sourceTree = "<group>"; };
		BA1843E026343619009ACFC8 /* myProjectViewController.h */ = {isa = PBXFileReference; lastKnownFileType = sourcecode.c.h; path = myProjectViewController.h; sourceTree = "<group>"; };
		BA1843E126343619009ACFC8 /* myProjectViewController.m */ = {isa = PBXFileReference; lastKnownFileType = sourcecode.c.objc; path = myProjectViewController.m; sourceTree = "<group>"; };
		BA1843EA2634362C009ACFC8 /* MainViewController.h */ = {isa = PBXFileReference; lastKnownFileType = sourcecode.c.h; path = MainViewController.h; sourceTree = "<group>"; };
		BA1843EB2634362C009ACFC8 /* MainViewController.m */ = {isa = PBXFileReference; lastKnownFileType = sourcecode.c.objc; path = MainViewController.m; sourceTree = "<group>"; };
		BA1843F42634363D009ACFC8 /* MyViewController.h */ = {isa = PBXFileReference; lastKnownFileType = sourcecode.c.h; path = MyViewController.h; sourceTree = "<group>"; };
		BA1843F52634363D009ACFC8 /* MyViewController.m */ = {isa = PBXFileReference; lastKnownFileType = sourcecode.c.objc; path = MyViewController.m; sourceTree = "<group>"; };
		BA1843FD263437E2009ACFC8 /* MainTabViewController.h */ = {isa = PBXFileReference; lastKnownFileType = sourcecode.c.h; path = MainTabViewController.h; sourceTree = "<group>"; };
		BA1843FE263437E2009ACFC8 /* MainTabViewController.m */ = {isa = PBXFileReference; lastKnownFileType = sourcecode.c.objc; path = MainTabViewController.m; sourceTree = "<group>"; };
		BA184403263443D2009ACFC8 /* ChildViewController.h */ = {isa = PBXFileReference; lastKnownFileType = sourcecode.c.h; path = ChildViewController.h; sourceTree = "<group>"; };
		BA184404263443D2009ACFC8 /* ChildViewController.m */ = {isa = PBXFileReference; lastKnownFileType = sourcecode.c.objc; path = ChildViewController.m; sourceTree = "<group>"; };
		BA395972263FB411002C0D19 /* SizeHeader.h */ = {isa = PBXFileReference; fileEncoding = 4; lastKnownFileType = sourcecode.c.h; path = SizeHeader.h; sourceTree = "<group>"; };
		BA8922382644011A0073AEBE /* participant.h */ = {isa = PBXFileReference; lastKnownFileType = sourcecode.c.h; path = participant.h; sourceTree = "<group>"; };
		BA8922392644011A0073AEBE /* participant.m */ = {isa = PBXFileReference; lastKnownFileType = sourcecode.c.objc; path = participant.m; sourceTree = "<group>"; };
		BA89223E2644016F0073AEBE /* subTask.h */ = {isa = PBXFileReference; lastKnownFileType = sourcecode.c.h; path = subTask.h; sourceTree = "<group>"; };
		BA89223F2644016F0073AEBE /* subTask.m */ = {isa = PBXFileReference; lastKnownFileType = sourcecode.c.objc; path = subTask.m; sourceTree = "<group>"; };
		BA892251264404E00073AEBE /* YCMenuView.h */ = {isa = PBXFileReference; fileEncoding = 4; lastKnownFileType = sourcecode.c.h; path = YCMenuView.h; sourceTree = "<group>"; };
		BA892252264404E00073AEBE /* YCMenuView.m */ = {isa = PBXFileReference; fileEncoding = 4; lastKnownFileType = sourcecode.c.objc; path = YCMenuView.m; sourceTree = "<group>"; };
		BA89225B26440E2B0073AEBE /* LSTPopView.m */ = {isa = PBXFileReference; fileEncoding = 4; lastKnownFileType = sourcecode.c.objc; path = LSTPopView.m; sourceTree = "<group>"; };
		BA89225C26440E2B0073AEBE /* LSTAlert.h */ = {isa = PBXFileReference; fileEncoding = 4; lastKnownFileType = sourcecode.c.h; path = LSTAlert.h; sourceTree = "<group>"; };
		BA89225D26440E2B0073AEBE /* LSTPopViewProtocol.h */ = {isa = PBXFileReference; fileEncoding = 4; lastKnownFileType = sourcecode.c.h; path = LSTPopViewProtocol.h; sourceTree = "<group>"; };
		BA89225E26440E2B0073AEBE /* UIView+LSTPV.m */ = {isa = PBXFileReference; fileEncoding = 4; lastKnownFileType = sourcecode.c.objc; path = "UIView+LSTPV.m"; sourceTree = "<group>"; };
		BA89225F26440E2B0073AEBE /* LSTPopView.h */ = {isa = PBXFileReference; fileEncoding = 4; lastKnownFileType = sourcecode.c.h; path = LSTPopView.h; sourceTree = "<group>"; };
		BA89226026440E2B0073AEBE /* LSTAlert.m */ = {isa = PBXFileReference; fileEncoding = 4; lastKnownFileType = sourcecode.c.objc; path = LSTAlert.m; sourceTree = "<group>"; };
		BA89226126440E2B0073AEBE /* UIView+LSTPV.h */ = {isa = PBXFileReference; fileEncoding = 4; lastKnownFileType = sourcecode.c.h; path = "UIView+LSTPV.h"; sourceTree = "<group>"; };
		BA89226F26440F9A0073AEBE /* LSTTimer.h */ = {isa = PBXFileReference; fileEncoding = 4; lastKnownFileType = sourcecode.c.h; path = LSTTimer.h; sourceTree = "<group>"; };
		BA89227026440F9A0073AEBE /* LSTTimer.m */ = {isa = PBXFileReference; fileEncoding = 4; lastKnownFileType = sourcecode.c.objc; path = LSTTimer.m; sourceTree = "<group>"; };
		BA89228626441E520073AEBE /* PGDatePicker+MonthDayHourMinuteSecond.h */ = {isa = PBXFileReference; fileEncoding = 4; lastKnownFileType = sourcecode.c.h; path = "PGDatePicker+MonthDayHourMinuteSecond.h"; sourceTree = "<group>"; };
		BA89228726441E520073AEBE /* PGDatePicker+Date.m */ = {isa = PBXFileReference; fileEncoding = 4; lastKnownFileType = sourcecode.c.objc; path = "PGDatePicker+Date.m"; sourceTree = "<group>"; };
		BA89228826441E520073AEBE /* PGDatePicker+MonthDayHourMinute.h */ = {isa = PBXFileReference; fileEncoding = 4; lastKnownFileType = sourcecode.c.h; path = "PGDatePicker+MonthDayHourMinute.h"; sourceTree = "<group>"; };
		BA89228926441E520073AEBE /* PGDatePicker+MinuteAndSecond.m */ = {isa = PBXFileReference; fileEncoding = 4; lastKnownFileType = sourcecode.c.objc; path = "PGDatePicker+MinuteAndSecond.m"; sourceTree = "<group>"; };
		BA89228A26441E520073AEBE /* PGDatePicker.m */ = {isa = PBXFileReference; fileEncoding = 4; lastKnownFileType = sourcecode.c.objc; path = PGDatePicker.m; sourceTree = "<group>"; };
		BA89228B26441E520073AEBE /* UIColor+PGHex.m */ = {isa = PBXFileReference; fileEncoding = 4; lastKnownFileType = sourcecode.c.objc; path = "UIColor+PGHex.m"; sourceTree = "<group>"; };
		BA89228C26441E520073AEBE /* PGDatePickerView.m */ = {isa = PBXFileReference; fileEncoding = 4; lastKnownFileType = sourcecode.c.objc; path = PGDatePickerView.m; sourceTree = "<group>"; };
		BA89228D26441E520073AEBE /* PGDatePicker+DateHour.h */ = {isa = PBXFileReference; fileEncoding = 4; lastKnownFileType = sourcecode.c.h; path = "PGDatePicker+DateHour.h"; sourceTree = "<group>"; };
		BA89228E26441E520073AEBE /* PGDatePicker+DateHourMinute.h */ = {isa = PBXFileReference; fileEncoding = 4; lastKnownFileType = sourcecode.c.h; path = "PGDatePicker+DateHourMinute.h"; sourceTree = "<group>"; };
		BA89228F26441E520073AEBE /* NSDate+PGCategory.h */ = {isa = PBXFileReference; fileEncoding = 4; lastKnownFileType = sourcecode.c.h; path = "NSDate+PGCategory.h"; sourceTree = "<group>"; };
		BA89229026441E520073AEBE /* PGDatePicker+MonthDayHour.m */ = {isa = PBXFileReference; fileEncoding = 4; lastKnownFileType = sourcecode.c.objc; path = "PGDatePicker+MonthDayHour.m"; sourceTree = "<group>"; };
		BA89229126441E520073AEBE /* PGDatePicker+YearAndMonth.m */ = {isa = PBXFileReference; fileEncoding = 4; lastKnownFileType = sourcecode.c.objc; path = "PGDatePicker+YearAndMonth.m"; sourceTree = "<group>"; };
		BA89229226441E520073AEBE /* PGDatePicker+Common.h */ = {isa = PBXFileReference; fileEncoding = 4; lastKnownFileType = sourcecode.c.h; path = "PGDatePicker+Common.h"; sourceTree = "<group>"; };
		BA89229326441E520073AEBE /* PGDatePicker+DateAndTime.h */ = {isa = PBXFileReference; fileEncoding = 4; lastKnownFileType = sourcecode.c.h; path = "PGDatePicker+DateAndTime.h"; sourceTree = "<group>"; };
		BA89229426441E530073AEBE /* PGDatePicker+TimeAndSecond.h */ = {isa = PBXFileReference; fileEncoding = 4; lastKnownFileType = sourcecode.c.h; path = "PGDatePicker+TimeAndSecond.h"; sourceTree = "<group>"; };
		BA89229526441E530073AEBE /* PGDatePicker+Time.m */ = {isa = PBXFileReference; fileEncoding = 4; lastKnownFileType = sourcecode.c.objc; path = "PGDatePicker+Time.m"; sourceTree = "<group>"; };
		BA89229626441E530073AEBE /* PGDatePicker+DateHourMinuteSecond.h */ = {isa = PBXFileReference; fileEncoding = 4; lastKnownFileType = sourcecode.c.h; path = "PGDatePicker+DateHourMinuteSecond.h"; sourceTree = "<group>"; };
		BA89229726441E530073AEBE /* PGDatePickManager.m */ = {isa = PBXFileReference; fileEncoding = 4; lastKnownFileType = sourcecode.c.objc; path = PGDatePickManager.m; sourceTree = "<group>"; };
		BA89229826441E530073AEBE /* PGDatePicker+Year.h */ = {isa = PBXFileReference; fileEncoding = 4; lastKnownFileType = sourcecode.c.h; path = "PGDatePicker+Year.h"; sourceTree = "<group>"; };
		BA89229926441E530073AEBE /* PGDatePicker+MonthDay.h */ = {isa = PBXFileReference; fileEncoding = 4; lastKnownFileType = sourcecode.c.h; path = "PGDatePicker+MonthDay.h"; sourceTree = "<group>"; };
		BA89229A26441E530073AEBE /* PGDatePickManagerHeaderView.h */ = {isa = PBXFileReference; fileEncoding = 4; lastKnownFileType = sourcecode.c.h; path = PGDatePickManagerHeaderView.h; sourceTree = "<group>"; };
		BA89229B26441E530073AEBE /* PGDatePicker+Logic.m */ = {isa = PBXFileReference; fileEncoding = 4; lastKnownFileType = sourcecode.c.objc; path = "PGDatePicker+Logic.m"; sourceTree = "<group>"; };
		BA89229C26441E530073AEBE /* NSBundle+PGDatePicker.m */ = {isa = PBXFileReference; fileEncoding = 4; lastKnownFileType = sourcecode.c.objc; path = "NSBundle+PGDatePicker.m"; sourceTree = "<group>"; };
		BA89229D26441E530073AEBE /* UIColor+PGHex.h */ = {isa = PBXFileReference; fileEncoding = 4; lastKnownFileType = sourcecode.c.h; path = "UIColor+PGHex.h"; sourceTree = "<group>"; };
		BA89229E26441E530073AEBE /* PGDatePicker.h */ = {isa = PBXFileReference; fileEncoding = 4; lastKnownFileType = sourcecode.c.h; path = PGDatePicker.h; sourceTree = "<group>"; };
		BA89229F26441E530073AEBE /* PGDatePicker+MinuteAndSecond.h */ = {isa = PBXFileReference; fileEncoding = 4; lastKnownFileType = sourcecode.c.h; path = "PGDatePicker+MinuteAndSecond.h"; sourceTree = "<group>"; };
		BA8922A026441E530073AEBE /* PGEnumeration.h */ = {isa = PBXFileReference; fileEncoding = 4; lastKnownFileType = sourcecode.c.h; path = PGEnumeration.h; sourceTree = "<group>"; };
		BA8922A126441E530073AEBE /* PGDatePicker+MonthDayHourMinute.m */ = {isa = PBXFileReference; fileEncoding = 4; lastKnownFileType = sourcecode.c.objc; path = "PGDatePicker+MonthDayHourMinute.m"; sourceTree = "<group>"; };
		BA8922A226441E530073AEBE /* PGDatePicker+MonthDayHourMinuteSecond.m */ = {isa = PBXFileReference; fileEncoding = 4; lastKnownFileType = sourcecode.c.objc; path = "PGDatePicker+MonthDayHourMinuteSecond.m"; sourceTree = "<group>"; };
		BA8922A326441E530073AEBE /* PGDatePicker+Date.h */ = {isa = PBXFileReference; fileEncoding = 4; lastKnownFileType = sourcecode.c.h; path = "PGDatePicker+Date.h"; sourceTree = "<group>"; };
		BA8922A426441E530073AEBE /* PGDatePicker+YearAndMonth.h */ = {isa = PBXFileReference; fileEncoding = 4; lastKnownFileType = sourcecode.c.h; path = "PGDatePicker+YearAndMonth.h"; sourceTree = "<group>"; };
		BA8922A526441E530073AEBE /* PGDatePicker+DateHourMinute.m */ = {isa = PBXFileReference; fileEncoding = 4; lastKnownFileType = sourcecode.c.objc; path = "PGDatePicker+DateHourMinute.m"; sourceTree = "<group>"; };
		BA8922A626441E530073AEBE /* NSDate+PGCategory.m */ = {isa = PBXFileReference; fileEncoding = 4; lastKnownFileType = sourcecode.c.objc; path = "NSDate+PGCategory.m"; sourceTree = "<group>"; };
		BA8922A726441E530073AEBE /* PGDatePicker+MonthDayHour.h */ = {isa = PBXFileReference; fileEncoding = 4; lastKnownFileType = sourcecode.c.h; path = "PGDatePicker+MonthDayHour.h"; sourceTree = "<group>"; };
		BA8922A826441E530073AEBE /* PGDatePicker+DateHour.m */ = {isa = PBXFileReference; fileEncoding = 4; lastKnownFileType = sourcecode.c.objc; path = "PGDatePicker+DateHour.m"; sourceTree = "<group>"; };
		BA8922A926441E530073AEBE /* PGDatePickerView.h */ = {isa = PBXFileReference; fileEncoding = 4; lastKnownFileType = sourcecode.c.h; path = PGDatePickerView.h; sourceTree = "<group>"; };
		BA8922AA26441E530073AEBE /* PGDatePickerHeader.h */ = {isa = PBXFileReference; fileEncoding = 4; lastKnownFileType = sourcecode.c.h; path = PGDatePickerHeader.h; sourceTree = "<group>"; };
		BA8922AB26441E530073AEBE /* PGDatePicker+Time.h */ = {isa = PBXFileReference; fileEncoding = 4; lastKnownFileType = sourcecode.c.h; path = "PGDatePicker+Time.h"; sourceTree = "<group>"; };
		BA8922AC26441E530073AEBE /* PGDatePicker.bundle */ = {isa = PBXFileReference; lastKnownFileType = "wrapper.plug-in"; path = PGDatePicker.bundle; sourceTree = "<group>"; };
		BA8922AD26441E530073AEBE /* PGDatePicker+TimeAndSecond.m */ = {isa = PBXFileReference; fileEncoding = 4; lastKnownFileType = sourcecode.c.objc; path = "PGDatePicker+TimeAndSecond.m"; sourceTree = "<group>"; };
		BA8922AE26441E530073AEBE /* PGDatePicker+DateAndTime.m */ = {isa = PBXFileReference; fileEncoding = 4; lastKnownFileType = sourcecode.c.objc; path = "PGDatePicker+DateAndTime.m"; sourceTree = "<group>"; };
		BA8922AF26441E530073AEBE /* PGDatePicker+Common.m */ = {isa = PBXFileReference; fileEncoding = 4; lastKnownFileType = sourcecode.c.objc; path = "PGDatePicker+Common.m"; sourceTree = "<group>"; };
		BA8922B026441E530073AEBE /* NSBundle+PGDatePicker.h */ = {isa = PBXFileReference; fileEncoding = 4; lastKnownFileType = sourcecode.c.h; path = "NSBundle+PGDatePicker.h"; sourceTree = "<group>"; };
		BA8922B126441E530073AEBE /* PGDatePicker+Logic.h */ = {isa = PBXFileReference; fileEncoding = 4; lastKnownFileType = sourcecode.c.h; path = "PGDatePicker+Logic.h"; sourceTree = "<group>"; };
		BA8922B226441E530073AEBE /* PGDatePicker+MonthDay.m */ = {isa = PBXFileReference; fileEncoding = 4; lastKnownFileType = sourcecode.c.objc; path = "PGDatePicker+MonthDay.m"; sourceTree = "<group>"; };
		BA8922B326441E530073AEBE /* PGDatePickManagerHeaderView.m */ = {isa = PBXFileReference; fileEncoding = 4; lastKnownFileType = sourcecode.c.objc; path = PGDatePickManagerHeaderView.m; sourceTree = "<group>"; };
		BA8922B426441E530073AEBE /* PGDatePicker+Year.m */ = {isa = PBXFileReference; fileEncoding = 4; lastKnownFileType = sourcecode.c.objc; path = "PGDatePicker+Year.m"; sourceTree = "<group>"; };
		BA8922B526441E530073AEBE /* PGDatePickManager.h */ = {isa = PBXFileReference; fileEncoding = 4; lastKnownFileType = sourcecode.c.h; path = PGDatePickManager.h; sourceTree = "<group>"; };
		BA8922B626441E530073AEBE /* PGDatePicker+DateHourMinuteSecond.m */ = {isa = PBXFileReference; fileEncoding = 4; lastKnownFileType = sourcecode.c.objc; path = "PGDatePicker+DateHourMinuteSecond.m"; sourceTree = "<group>"; };
		BA8922D326441F3E0073AEBE /* PGPickerColumnCell.m */ = {isa = PBXFileReference; fileEncoding = 4; lastKnownFileType = sourcecode.c.objc; path = PGPickerColumnCell.m; sourceTree = "<group>"; };
		BA8922D426441F3E0073AEBE /* PGPickerColumnView.m */ = {isa = PBXFileReference; fileEncoding = 4; lastKnownFileType = sourcecode.c.objc; path = PGPickerColumnView.m; sourceTree = "<group>"; };
		BA8922D526441F3E0073AEBE /* PGPickerView.h */ = {isa = PBXFileReference; fileEncoding = 4; lastKnownFileType = sourcecode.c.h; path = PGPickerView.h; sourceTree = "<group>"; };
		BA8922D626441F3E0073AEBE /* PGPickerTableView.h */ = {isa = PBXFileReference; fileEncoding = 4; lastKnownFileType = sourcecode.c.h; path = PGPickerTableView.h; sourceTree = "<group>"; };
		BA8922D726441F3E0073AEBE /* PGPickerColumnCell.h */ = {isa = PBXFileReference; fileEncoding = 4; lastKnownFileType = sourcecode.c.h; path = PGPickerColumnCell.h; sourceTree = "<group>"; };
		BA8922D826441F3E0073AEBE /* PGPickerColumnView.h */ = {isa = PBXFileReference; fileEncoding = 4; lastKnownFileType = sourcecode.c.h; path = PGPickerColumnView.h; sourceTree = "<group>"; };
		BA8922D926441F3E0073AEBE /* PGPickerView.m */ = {isa = PBXFileReference; fileEncoding = 4; lastKnownFileType = sourcecode.c.objc; path = PGPickerView.m; sourceTree = "<group>"; };
		BA8922DA26441F3E0073AEBE /* PGPickerTableView.m */ = {isa = PBXFileReference; fileEncoding = 4; lastKnownFileType = sourcecode.c.objc; path = PGPickerTableView.m; sourceTree = "<group>"; };
		BA8922E526442A470073AEBE /* LCProgressHUD.m */ = {isa = PBXFileReference; fileEncoding = 4; lastKnownFileType = sourcecode.c.objc; path = LCProgressHUD.m; sourceTree = "<group>"; };
		BA8922E626442A470073AEBE /* LCProgressHUD.h */ = {isa = PBXFileReference; fileEncoding = 4; lastKnownFileType = sourcecode.c.h; path = LCProgressHUD.h; sourceTree = "<group>"; };
		BA8922EB26442AC40073AEBE /* MBProgressHUD.m */ = {isa = PBXFileReference; fileEncoding = 4; lastKnownFileType = sourcecode.c.objc; path = MBProgressHUD.m; sourceTree = "<group>"; };
		BA8922EC26442AC50073AEBE /* MBProgressHUD.h */ = {isa = PBXFileReference; fileEncoding = 4; lastKnownFileType = sourcecode.c.h; path = MBProgressHUD.h; sourceTree = "<group>"; };
		BA8922F1264433150073AEBE /* Project.h */ = {isa = PBXFileReference; lastKnownFileType = sourcecode.c.h; path = Project.h; sourceTree = "<group>"; };
		BA8922F2264433150073AEBE /* Project.m */ = {isa = PBXFileReference; lastKnownFileType = sourcecode.c.objc; path = Project.m; sourceTree = "<group>"; };
		BA8C73D0263FCEB300C0247D /* CCFetchTool.m */ = {isa = PBXFileReference; fileEncoding = 4; lastKnownFileType = sourcecode.c.objc; path = CCFetchTool.m; sourceTree = "<group>"; };
		BA8C73D1263FCEB300C0247D /* CCFetchTool.h */ = {isa = PBXFileReference; fileEncoding = 4; lastKnownFileType = sourcecode.c.h; path = CCFetchTool.h; sourceTree = "<group>"; };
		BA8C73D7263FD4D900C0247D /* ProjectDetailViewController.h */ = {isa = PBXFileReference; lastKnownFileType = sourcecode.c.h; path = ProjectDetailViewController.h; sourceTree = "<group>"; };
		BA8C73D8263FD4D900C0247D /* ProjectDetailViewController.m */ = {isa = PBXFileReference; lastKnownFileType = sourcecode.c.objc; path = ProjectDetailViewController.m; sourceTree = "<group>"; };
		BA8C73DD263FD65600C0247D /* Task.h */ = {isa = PBXFileReference; lastKnownFileType = sourcecode.c.h; path = Task.h; sourceTree = "<group>"; };
		BA8C73DE263FD65600C0247D /* Task.m */ = {isa = PBXFileReference; lastKnownFileType = sourcecode.c.objc; path = Task.m; sourceTree = "<group>"; };
		BA8C73E3263FD76700C0247D /* tag.h */ = {isa = PBXFileReference; lastKnownFileType = sourcecode.c.h; path = tag.h; sourceTree = "<group>"; };
		BA8C73E4263FD76700C0247D /* tag.m */ = {isa = PBXFileReference; lastKnownFileType = sourcecode.c.objc; path = tag.m; sourceTree = "<group>"; };
		BA8FEE5F2646A16E003100CC /* ChildProjectDetailViewController.h */ = {isa = PBXFileReference; lastKnownFileType = sourcecode.c.h; path = ChildProjectDetailViewController.h; sourceTree = "<group>"; };
		BA8FEE602646A16E003100CC /* ChildProjectDetailViewController.m */ = {isa = PBXFileReference; lastKnownFileType = sourcecode.c.objc; path = ChildProjectDetailViewController.m; sourceTree = "<group>"; };
		BA8FEE652646A6CD003100CC /* DetailViewController.h */ = {isa = PBXFileReference; lastKnownFileType = sourcecode.c.h; path = DetailViewController.h; sourceTree = "<group>"; };
		BA8FEE662646A6CD003100CC /* DetailViewController.m */ = {isa = PBXFileReference; lastKnownFileType = sourcecode.c.objc; path = DetailViewController.m; sourceTree = "<group>"; };
		BA8FEE6B2646C164003100CC /* PersonalViewController.h */ = {isa = PBXFileReference; lastKnownFileType = sourcecode.c.h; path = PersonalViewController.h; sourceTree = "<group>"; };
		BA8FEE6C2646C164003100CC /* PersonalViewController.m */ = {isa = PBXFileReference; lastKnownFileType = sourcecode.c.objc; path = PersonalViewController.m; sourceTree = "<group>"; };
		BA8FEE712646C7E4003100CC /* NewTaskViewController.h */ = {isa = PBXFileReference; lastKnownFileType = sourcecode.c.h; path = NewTaskViewController.h; sourceTree = "<group>"; };
		BA8FEE722646C7E4003100CC /* NewTaskViewController.m */ = {isa = PBXFileReference; lastKnownFileType = sourcecode.c.objc; path = NewTaskViewController.m; sourceTree = "<group>"; };
		BA90523126384E82005CAD03 /* RespondObject.h */ = {isa = PBXFileReference; lastKnownFileType = sourcecode.c.h; path = RespondObject.h; sourceTree = "<group>"; };
		BA90523226384E82005CAD03 /* RespondObject.m */ = {isa = PBXFileReference; lastKnownFileType = sourcecode.c.objc; path = RespondObject.m; sourceTree = "<group>"; };
		BAA397752631BEDD000C0A34 /* ViewManager.m */ = {isa = PBXFileReference; fileEncoding = 4; lastKnownFileType = sourcecode.c.objc; path = ViewManager.m; sourceTree = "<group>"; };
		BAA397762631BEDD000C0A34 /* ViewManager.h */ = {isa = PBXFileReference; fileEncoding = 4; lastKnownFileType = sourcecode.c.h; path = ViewManager.h; sourceTree = "<group>"; };
		BAA3977D2631BFC4000C0A34 /* LoginViewController.h */ = {isa = PBXFileReference; lastKnownFileType = sourcecode.c.h; path = LoginViewController.h; sourceTree = "<group>"; };
		BAA3977E2631BFC4000C0A34 /* LoginViewController.m */ = {isa = PBXFileReference; lastKnownFileType = sourcecode.c.objc; path = LoginViewController.m; sourceTree = "<group>"; };
		BAA6E2E32638FF4400A63F83 /* userInfo.h */ = {isa = PBXFileReference; lastKnownFileType = sourcecode.c.h; path = userInfo.h; sourceTree = "<group>"; };
		BAA6E2E42638FF4400A63F83 /* userInfo.m */ = {isa = PBXFileReference; lastKnownFileType = sourcecode.c.objc; path = userInfo.m; sourceTree = "<group>"; };
		BAA76AD526329C3C005DC327 /* LICENSE */ = {isa = PBXFileReference; fileEncoding = 4; lastKnownFileType = text; path = LICENSE; sourceTree = "<group>"; };
		BAA76AD626329C3C005DC327 /* README.md */ = {isa = PBXFileReference; fileEncoding = 4; lastKnownFileType = net.daringfireball.markdown; path = README.md; sourceTree = "<group>"; };
		BAA76AD826329C3C005DC327 /* UIProgressView+AFNetworking.m */ = {isa = PBXFileReference; fileEncoding = 4; lastKnownFileType = sourcecode.c.objc; path = "UIProgressView+AFNetworking.m"; sourceTree = "<group>"; };
		BAA76AD926329C3C005DC327 /* UIButton+AFNetworking.h */ = {isa = PBXFileReference; fileEncoding = 4; lastKnownFileType = sourcecode.c.h; path = "UIButton+AFNetworking.h"; sourceTree = "<group>"; };
		BAA76ADA26329C3C005DC327 /* UIRefreshControl+AFNetworking.m */ = {isa = PBXFileReference; fileEncoding = 4; lastKnownFileType = sourcecode.c.objc; path = "UIRefreshControl+AFNetworking.m"; sourceTree = "<group>"; };
		BAA76ADB26329C3C005DC327 /* UIImageView+AFNetworking.h */ = {isa = PBXFileReference; fileEncoding = 4; lastKnownFileType = sourcecode.c.h; path = "UIImageView+AFNetworking.h"; sourceTree = "<group>"; };
		BAA76ADC26329C3C005DC327 /* AFImageDownloader.h */ = {isa = PBXFileReference; fileEncoding = 4; lastKnownFileType = sourcecode.c.h; path = AFImageDownloader.h; sourceTree = "<group>"; };
		BAA76ADD26329C3C005DC327 /* AFNetworkActivityIndicatorManager.m */ = {isa = PBXFileReference; fileEncoding = 4; lastKnownFileType = sourcecode.c.objc; path = AFNetworkActivityIndicatorManager.m; sourceTree = "<group>"; };
		BAA76ADE26329C3C005DC327 /* AFAutoPurgingImageCache.h */ = {isa = PBXFileReference; fileEncoding = 4; lastKnownFileType = sourcecode.c.h; path = AFAutoPurgingImageCache.h; sourceTree = "<group>"; };
		BAA76ADF26329C3C005DC327 /* UIWebView+AFNetworking.h */ = {isa = PBXFileReference; fileEncoding = 4; lastKnownFileType = sourcecode.c.h; path = "UIWebView+AFNetworking.h"; sourceTree = "<group>"; };
		BAA76AE026329C3C005DC327 /* UIActivityIndicatorView+AFNetworking.h */ = {isa = PBXFileReference; fileEncoding = 4; lastKnownFileType = sourcecode.c.h; path = "UIActivityIndicatorView+AFNetworking.h"; sourceTree = "<group>"; };
		BAA76AE126329C3C005DC327 /* UIImage+AFNetworking.h */ = {isa = PBXFileReference; fileEncoding = 4; lastKnownFileType = sourcecode.c.h; path = "UIImage+AFNetworking.h"; sourceTree = "<group>"; };
		BAA76AE226329C3C005DC327 /* UIProgressView+AFNetworking.h */ = {isa = PBXFileReference; fileEncoding = 4; lastKnownFileType = sourcecode.c.h; path = "UIProgressView+AFNetworking.h"; sourceTree = "<group>"; };
		BAA76AE326329C3C005DC327 /* UIImageView+AFNetworking.m */ = {isa = PBXFileReference; fileEncoding = 4; lastKnownFileType = sourcecode.c.objc; path = "UIImageView+AFNetworking.m"; sourceTree = "<group>"; };
		BAA76AE426329C3C005DC327 /* UIKit+AFNetworking.h */ = {isa = PBXFileReference; fileEncoding = 4; lastKnownFileType = sourcecode.c.h; path = "UIKit+AFNetworking.h"; sourceTree = "<group>"; };
		BAA76AE526329C3C005DC327 /* UIRefreshControl+AFNetworking.h */ = {isa = PBXFileReference; fileEncoding = 4; lastKnownFileType = sourcecode.c.h; path = "UIRefreshControl+AFNetworking.h"; sourceTree = "<group>"; };
		BAA76AE626329C3C005DC327 /* UIButton+AFNetworking.m */ = {isa = PBXFileReference; fileEncoding = 4; lastKnownFileType = sourcecode.c.objc; path = "UIButton+AFNetworking.m"; sourceTree = "<group>"; };
		BAA76AE726329C3C005DC327 /* UIActivityIndicatorView+AFNetworking.m */ = {isa = PBXFileReference; fileEncoding = 4; lastKnownFileType = sourcecode.c.objc; path = "UIActivityIndicatorView+AFNetworking.m"; sourceTree = "<group>"; };
		BAA76AE826329C3C005DC327 /* UIWebView+AFNetworking.m */ = {isa = PBXFileReference; fileEncoding = 4; lastKnownFileType = sourcecode.c.objc; path = "UIWebView+AFNetworking.m"; sourceTree = "<group>"; };
		BAA76AE926329C3C005DC327 /* AFAutoPurgingImageCache.m */ = {isa = PBXFileReference; fileEncoding = 4; lastKnownFileType = sourcecode.c.objc; path = AFAutoPurgingImageCache.m; sourceTree = "<group>"; };
		BAA76AEA26329C3C005DC327 /* AFNetworkActivityIndicatorManager.h */ = {isa = PBXFileReference; fileEncoding = 4; lastKnownFileType = sourcecode.c.h; path = AFNetworkActivityIndicatorManager.h; sourceTree = "<group>"; };
		BAA76AEB26329C3C005DC327 /* AFImageDownloader.m */ = {isa = PBXFileReference; fileEncoding = 4; lastKnownFileType = sourcecode.c.objc; path = AFImageDownloader.m; sourceTree = "<group>"; };
		BAA76AED26329C3C005DC327 /* AFSecurityPolicy.h */ = {isa = PBXFileReference; fileEncoding = 4; lastKnownFileType = sourcecode.c.h; path = AFSecurityPolicy.h; sourceTree = "<group>"; };
		BAA76AEE26329C3C005DC327 /* AFNetworkReachabilityManager.h */ = {isa = PBXFileReference; fileEncoding = 4; lastKnownFileType = sourcecode.c.h; path = AFNetworkReachabilityManager.h; sourceTree = "<group>"; };
		BAA76AEF26329C3C005DC327 /* AFURLSessionManager.h */ = {isa = PBXFileReference; fileEncoding = 4; lastKnownFileType = sourcecode.c.h; path = AFURLSessionManager.h; sourceTree = "<group>"; };
		BAA76AF026329C3C005DC327 /* AFURLRequestSerialization.h */ = {isa = PBXFileReference; fileEncoding = 4; lastKnownFileType = sourcecode.c.h; path = AFURLRequestSerialization.h; sourceTree = "<group>"; };
		BAA76AF126329C3C005DC327 /* AFURLResponseSerialization.m */ = {isa = PBXFileReference; fileEncoding = 4; lastKnownFileType = sourcecode.c.objc; path = AFURLResponseSerialization.m; sourceTree = "<group>"; };
		BAA76AF226329C3C005DC327 /* AFHTTPSessionManager.m */ = {isa = PBXFileReference; fileEncoding = 4; lastKnownFileType = sourcecode.c.objc; path = AFHTTPSessionManager.m; sourceTree = "<group>"; };
		BAA76AF326329C3C005DC327 /* AFURLResponseSerialization.h */ = {isa = PBXFileReference; fileEncoding = 4; lastKnownFileType = sourcecode.c.h; path = AFURLResponseSerialization.h; sourceTree = "<group>"; };
		BAA76AF426329C3C005DC327 /* AFURLSessionManager.m */ = {isa = PBXFileReference; fileEncoding = 4; lastKnownFileType = sourcecode.c.objc; path = AFURLSessionManager.m; sourceTree = "<group>"; };
		BAA76AF526329C3C005DC327 /* AFURLRequestSerialization.m */ = {isa = PBXFileReference; fileEncoding = 4; lastKnownFileType = sourcecode.c.objc; path = AFURLRequestSerialization.m; sourceTree = "<group>"; };
		BAA76AF626329C3C005DC327 /* AFNetworking.h */ = {isa = PBXFileReference; fileEncoding = 4; lastKnownFileType = sourcecode.c.h; path = AFNetworking.h; sourceTree = "<group>"; };
		BAA76AF726329C3C005DC327 /* AFNetworkReachabilityManager.m */ = {isa = PBXFileReference; fileEncoding = 4; lastKnownFileType = sourcecode.c.objc; path = AFNetworkReachabilityManager.m; sourceTree = "<group>"; };
		BAA76AF826329C3C005DC327 /* AFSecurityPolicy.m */ = {isa = PBXFileReference; fileEncoding = 4; lastKnownFileType = sourcecode.c.objc; path = AFSecurityPolicy.m; sourceTree = "<group>"; };
		BAA76AF926329C3C005DC327 /* AFCompatibilityMacros.h */ = {isa = PBXFileReference; fileEncoding = 4; lastKnownFileType = sourcecode.c.h; path = AFCompatibilityMacros.h; sourceTree = "<group>"; };
		BAA76AFA26329C3C005DC327 /* AFHTTPSessionManager.h */ = {isa = PBXFileReference; fileEncoding = 4; lastKnownFileType = sourcecode.c.h; path = AFHTTPSessionManager.h; sourceTree = "<group>"; };
		BAA76B1A2632B4CF005DC327 /* RegisteViewController.h */ = {isa = PBXFileReference; lastKnownFileType = sourcecode.c.h; path = RegisteViewController.h; sourceTree = "<group>"; };
		BAA76B1B2632B4CF005DC327 /* RegisteViewController.m */ = {isa = PBXFileReference; lastKnownFileType = sourcecode.c.objc; path = RegisteViewController.m; sourceTree = "<group>"; };
		BAC52C8C264813B100BFA69E /* WSHPickerView.m */ = {isa = PBXFileReference; fileEncoding = 4; lastKnownFileType = sourcecode.c.objc; name = WSHPickerView.m; path = "../../../../../校友通四期/SchoolFriendGather/WSH/WSHPickerView.m"; sourceTree = "<group>"; };
		BAC52C8D264813B100BFA69E /* WSHPickerView.h */ = {isa = PBXFileReference; fileEncoding = 4; lastKnownFileType = sourcecode.c.h; name = WSHPickerView.h; path = "../../../../../校友通四期/SchoolFriendGather/WSH/WSHPickerView.h"; sourceTree = "<group>"; };
		BAC52C922648168300BFA69E /* selectPersonViewController.h */ = {isa = PBXFileReference; lastKnownFileType = sourcecode.c.h; path = selectPersonViewController.h; sourceTree = "<group>"; };
		BAC52C932648168300BFA69E /* selectPersonViewController.m */ = {isa = PBXFileReference; lastKnownFileType = sourcecode.c.objc; path = selectPersonViewController.m; sourceTree = "<group>"; };
		BAF619E82631230A004804DA /* Concerto.app */ = {isa = PBXFileReference; explicitFileType = wrapper.application; includeInIndex = 0; path = Concerto.app; sourceTree = BUILT_PRODUCTS_DIR; };
		BAF619EB2631230A004804DA /* AppDelegate.h */ = {isa = PBXFileReference; lastKnownFileType = sourcecode.c.h; path = AppDelegate.h; sourceTree = "<group>"; };
		BAF619EC2631230A004804DA /* AppDelegate.m */ = {isa = PBXFileReference; lastKnownFileType = sourcecode.c.objc; path = AppDelegate.m; sourceTree = "<group>"; };
		BAF619F12631230A004804DA /* ViewController.h */ = {isa = PBXFileReference; lastKnownFileType = sourcecode.c.h; path = ViewController.h; sourceTree = "<group>"; };
		BAF619F22631230A004804DA /* ViewController.m */ = {isa = PBXFileReference; lastKnownFileType = sourcecode.c.objc; path = ViewController.m; sourceTree = "<group>"; };
		BAF619F52631230A004804DA /* Base */ = {isa = PBXFileReference; lastKnownFileType = file.storyboard; name = Base; path = Base.lproj/Main.storyboard; sourceTree = "<group>"; };
		BAF619F72631230B004804DA /* Assets.xcassets */ = {isa = PBXFileReference; lastKnownFileType = folder.assetcatalog; path = Assets.xcassets; sourceTree = "<group>"; };
		BAF619FA2631230B004804DA /* Base */ = {isa = PBXFileReference; lastKnownFileType = file.storyboard; name = Base; path = Base.lproj/LaunchScreen.storyboard; sourceTree = "<group>"; };
		BAF619FC2631230B004804DA /* Info.plist */ = {isa = PBXFileReference; lastKnownFileType = text.plist.xml; path = Info.plist; sourceTree = "<group>"; };
		BAF619FD2631230B004804DA /* main.m */ = {isa = PBXFileReference; lastKnownFileType = sourcecode.c.objc; path = main.m; sourceTree = "<group>"; };
		BAF61A032631230B004804DA /* ConcertoTests.xctest */ = {isa = PBXFileReference; explicitFileType = wrapper.cfbundle; includeInIndex = 0; path = ConcertoTests.xctest; sourceTree = BUILT_PRODUCTS_DIR; };
		BAF61A072631230B004804DA /* ConcertoTests.m */ = {isa = PBXFileReference; lastKnownFileType = sourcecode.c.objc; path = ConcertoTests.m; sourceTree = "<group>"; };
		BAF61A092631230B004804DA /* Info.plist */ = {isa = PBXFileReference; lastKnownFileType = text.plist.xml; path = Info.plist; sourceTree = "<group>"; };
		BAF61A0E2631230B004804DA /* ConcertoUITests.xctest */ = {isa = PBXFileReference; explicitFileType = wrapper.cfbundle; includeInIndex = 0; path = ConcertoUITests.xctest; sourceTree = BUILT_PRODUCTS_DIR; };
		BAF61A122631230B004804DA /* ConcertoUITests.m */ = {isa = PBXFileReference; lastKnownFileType = sourcecode.c.objc; path = ConcertoUITests.m; sourceTree = "<group>"; };
		BAF61A142631230B004804DA /* Info.plist */ = {isa = PBXFileReference; lastKnownFileType = text.plist.xml; path = Info.plist; sourceTree = "<group>"; };
		BAF61A252631232E004804DA /* UnitCell.h */ = {isa = PBXFileReference; fileEncoding = 4; lastKnownFileType = sourcecode.c.h; path = UnitCell.h; sourceTree = "<group>"; };
		BAF61A262631232E004804DA /* ApiManager.h */ = {isa = PBXFileReference; fileEncoding = 4; lastKnownFileType = sourcecode.c.h; path = ApiManager.h; sourceTree = "<group>"; };
		BAF61A272631232E004804DA /* CreateBase.h */ = {isa = PBXFileReference; fileEncoding = 4; lastKnownFileType = sourcecode.c.h; path = CreateBase.h; sourceTree = "<group>"; };
		BAF61A282631232E004804DA /* AppData.m */ = {isa = PBXFileReference; fileEncoding = 4; lastKnownFileType = sourcecode.c.objc; path = AppData.m; sourceTree = "<group>"; };
		BAF61A292631232E004804DA /* Readme */ = {isa = PBXFileReference; fileEncoding = 4; lastKnownFileType = text; path = Readme; sourceTree = "<group>"; };
		BAF61A2B2631232E004804DA /* NullSafe.m */ = {isa = PBXFileReference; fileEncoding = 4; lastKnownFileType = sourcecode.c.objc; path = NullSafe.m; sourceTree = "<group>"; };
		BAF61A2F2631232E004804DA /* ApiManager.m */ = {isa = PBXFileReference; fileEncoding = 4; lastKnownFileType = sourcecode.c.objc; path = ApiManager.m; sourceTree = "<group>"; };
		BAF61A302631232E004804DA /* UnitCell.m */ = {isa = PBXFileReference; fileEncoding = 4; lastKnownFileType = sourcecode.c.objc; path = UnitCell.m; sourceTree = "<group>"; };
		BAF61A312631232E004804DA /* PrefixHeader.pch */ = {isa = PBXFileReference; fileEncoding = 4; lastKnownFileType = sourcecode.c.h; path = PrefixHeader.pch; sourceTree = "<group>"; };
		BAF61A322631232E004804DA /* AppData.h */ = {isa = PBXFileReference; fileEncoding = 4; lastKnownFileType = sourcecode.c.h; path = AppData.h; sourceTree = "<group>"; };
		BAF61A332631232E004804DA /* CreateBase.m */ = {isa = PBXFileReference; fileEncoding = 4; lastKnownFileType = sourcecode.c.objc; path = CreateBase.m; sourceTree = "<group>"; };
		BBFD88E08EB3E11214EFF83C /* libPods-Concerto.a */ = {isa = PBXFileReference; explicitFileType = archive.ar; includeInIndex = 0; path = "libPods-Concerto.a"; sourceTree = BUILT_PRODUCTS_DIR; };
		E5DDFF519C94FB76A5717B29 /* Pods-Concerto.release.xcconfig */ = {isa = PBXFileReference; includeInIndex = 1; lastKnownFileType = text.xcconfig; name = "Pods-Concerto.release.xcconfig"; path = "Target Support Files/Pods-Concerto/Pods-Concerto.release.xcconfig"; sourceTree = "<group>"; };
/* End PBXFileReference section */

/* Begin PBXFrameworksBuildPhase section */
		BAF619E52631230A004804DA /* Frameworks */ = {
			isa = PBXFrameworksBuildPhase;
			buildActionMask = 2147483647;
			files = (
				04A60C67EC6EA67140E418F4 /* libPods-Concerto.a in Frameworks */,
			);
			runOnlyForDeploymentPostprocessing = 0;
		};
		BAF61A002631230B004804DA /* Frameworks */ = {
			isa = PBXFrameworksBuildPhase;
			buildActionMask = 2147483647;
			files = (
			);
			runOnlyForDeploymentPostprocessing = 0;
		};
		BAF61A0B2631230B004804DA /* Frameworks */ = {
			isa = PBXFrameworksBuildPhase;
			buildActionMask = 2147483647;
			files = (
			);
			runOnlyForDeploymentPostprocessing = 0;
		};
/* End PBXFrameworksBuildPhase section */

/* Begin PBXGroup section */
		3A7860D353C49C202A7308DC /* Pods */ = {
			isa = PBXGroup;
			children = (
				402A4073F2CAC24ED88DA8F9 /* Pods-Concerto.debug.xcconfig */,
				E5DDFF519C94FB76A5717B29 /* Pods-Concerto.release.xcconfig */,
			);
			path = Pods;
			sourceTree = "<group>";
		};
		AD3B9711EFB906FC384408E1 /* Frameworks */ = {
			isa = PBXGroup;
			children = (
				BBFD88E08EB3E11214EFF83C /* libPods-Concerto.a */,
			);
			name = Frameworks;
			sourceTree = "<group>";
		};
		BA1843D52634331B009ACFC8 /* AllTabbar */ = {
			isa = PBXGroup;
			children = (
				BA1843FD263437E2009ACFC8 /* MainTabViewController.h */,
				BA1843FE263437E2009ACFC8 /* MainTabViewController.m */,
			);
			path = AllTabbar;
			sourceTree = "<group>";
		};
		BA1843DF26343602009ACFC8 /* myProjectView */ = {
			isa = PBXGroup;
			children = (
				BA1843E026343619009ACFC8 /* myProjectViewController.h */,
				BA1843E126343619009ACFC8 /* myProjectViewController.m */,
			);
			path = myProjectView;
			sourceTree = "<group>";
		};
		BA1843E92634361E009ACFC8 /* MainView */ = {
			isa = PBXGroup;
			children = (
				BA1843EA2634362C009ACFC8 /* MainViewController.h */,
				BA1843EB2634362C009ACFC8 /* MainViewController.m */,
				BA184403263443D2009ACFC8 /* ChildViewController.h */,
				BA184404263443D2009ACFC8 /* ChildViewController.m */,
			);
			path = MainView;
			sourceTree = "<group>";
		};
		BA1843F326343634009ACFC8 /* MyView */ = {
			isa = PBXGroup;
			children = (
				BA1843F42634363D009ACFC8 /* MyViewController.h */,
				BA1843F52634363D009ACFC8 /* MyViewController.m */,
			);
			path = MyView;
			sourceTree = "<group>";
		};
		BA892250264404E00073AEBE /* YCMenuViewCompont */ = {
			isa = PBXGroup;
			children = (
				BA892251264404E00073AEBE /* YCMenuView.h */,
				BA892252264404E00073AEBE /* YCMenuView.m */,
			);
			path = YCMenuViewCompont;
			sourceTree = "<group>";
		};
		BA89225726440E2B0073AEBE /* LSTPopView */ = {
			isa = PBXGroup;
			children = (
				BA89225B26440E2B0073AEBE /* LSTPopView.m */,
				BA89225C26440E2B0073AEBE /* LSTAlert.h */,
				BA89225D26440E2B0073AEBE /* LSTPopViewProtocol.h */,
				BA89225E26440E2B0073AEBE /* UIView+LSTPV.m */,
				BA89225F26440E2B0073AEBE /* LSTPopView.h */,
				BA89226026440E2B0073AEBE /* LSTAlert.m */,
				BA89226126440E2B0073AEBE /* UIView+LSTPV.h */,
			);
			path = LSTPopView;
			sourceTree = "<group>";
		};
		BA89226C26440F9A0073AEBE /* LSTTimer */ = {
			isa = PBXGroup;
			children = (
				BA89226F26440F9A0073AEBE /* LSTTimer.h */,
				BA89227026440F9A0073AEBE /* LSTTimer.m */,
			);
			path = LSTTimer;
			sourceTree = "<group>";
		};
		BA89228526441E520073AEBE /* PGDatePicker */ = {
			isa = PBXGroup;
			children = (
				BA8922D326441F3E0073AEBE /* PGPickerColumnCell.m */,
				BA8922D426441F3E0073AEBE /* PGPickerColumnView.m */,
				BA8922D526441F3E0073AEBE /* PGPickerView.h */,
				BA8922D626441F3E0073AEBE /* PGPickerTableView.h */,
				BA8922D726441F3E0073AEBE /* PGPickerColumnCell.h */,
				BA8922D826441F3E0073AEBE /* PGPickerColumnView.h */,
				BA8922D926441F3E0073AEBE /* PGPickerView.m */,
				BA8922DA26441F3E0073AEBE /* PGPickerTableView.m */,
				BA89228626441E520073AEBE /* PGDatePicker+MonthDayHourMinuteSecond.h */,
				BA89228726441E520073AEBE /* PGDatePicker+Date.m */,
				BA89228826441E520073AEBE /* PGDatePicker+MonthDayHourMinute.h */,
				BA89228926441E520073AEBE /* PGDatePicker+MinuteAndSecond.m */,
				BA89228A26441E520073AEBE /* PGDatePicker.m */,
				BA89228B26441E520073AEBE /* UIColor+PGHex.m */,
				BA89228C26441E520073AEBE /* PGDatePickerView.m */,
				BA89228D26441E520073AEBE /* PGDatePicker+DateHour.h */,
				BA89228E26441E520073AEBE /* PGDatePicker+DateHourMinute.h */,
				BA89228F26441E520073AEBE /* NSDate+PGCategory.h */,
				BA89229026441E520073AEBE /* PGDatePicker+MonthDayHour.m */,
				BA89229126441E520073AEBE /* PGDatePicker+YearAndMonth.m */,
				BA89229226441E520073AEBE /* PGDatePicker+Common.h */,
				BA89229326441E520073AEBE /* PGDatePicker+DateAndTime.h */,
				BA89229426441E530073AEBE /* PGDatePicker+TimeAndSecond.h */,
				BA89229526441E530073AEBE /* PGDatePicker+Time.m */,
				BA89229626441E530073AEBE /* PGDatePicker+DateHourMinuteSecond.h */,
				BA89229726441E530073AEBE /* PGDatePickManager.m */,
				BA89229826441E530073AEBE /* PGDatePicker+Year.h */,
				BA89229926441E530073AEBE /* PGDatePicker+MonthDay.h */,
				BA89229A26441E530073AEBE /* PGDatePickManagerHeaderView.h */,
				BA89229B26441E530073AEBE /* PGDatePicker+Logic.m */,
				BA89229C26441E530073AEBE /* NSBundle+PGDatePicker.m */,
				BA89229D26441E530073AEBE /* UIColor+PGHex.h */,
				BA89229E26441E530073AEBE /* PGDatePicker.h */,
				BA89229F26441E530073AEBE /* PGDatePicker+MinuteAndSecond.h */,
				BA8922A026441E530073AEBE /* PGEnumeration.h */,
				BA8922A126441E530073AEBE /* PGDatePicker+MonthDayHourMinute.m */,
				BA8922A226441E530073AEBE /* PGDatePicker+MonthDayHourMinuteSecond.m */,
				BA8922A326441E530073AEBE /* PGDatePicker+Date.h */,
				BA8922A426441E530073AEBE /* PGDatePicker+YearAndMonth.h */,
				BA8922A526441E530073AEBE /* PGDatePicker+DateHourMinute.m */,
				BA8922A626441E530073AEBE /* NSDate+PGCategory.m */,
				BA8922A726441E530073AEBE /* PGDatePicker+MonthDayHour.h */,
				BA8922A826441E530073AEBE /* PGDatePicker+DateHour.m */,
				BA8922A926441E530073AEBE /* PGDatePickerView.h */,
				BA8922AA26441E530073AEBE /* PGDatePickerHeader.h */,
				BA8922AB26441E530073AEBE /* PGDatePicker+Time.h */,
				BA8922AC26441E530073AEBE /* PGDatePicker.bundle */,
				BA8922AD26441E530073AEBE /* PGDatePicker+TimeAndSecond.m */,
				BA8922AE26441E530073AEBE /* PGDatePicker+DateAndTime.m */,
				BA8922AF26441E530073AEBE /* PGDatePicker+Common.m */,
				BA8922B026441E530073AEBE /* NSBundle+PGDatePicker.h */,
				BA8922B126441E530073AEBE /* PGDatePicker+Logic.h */,
				BA8922B226441E530073AEBE /* PGDatePicker+MonthDay.m */,
				BA8922B326441E530073AEBE /* PGDatePickManagerHeaderView.m */,
				BA8922B426441E530073AEBE /* PGDatePicker+Year.m */,
				BA8922B526441E530073AEBE /* PGDatePickManager.h */,
				BA8922B626441E530073AEBE /* PGDatePicker+DateHourMinuteSecond.m */,
			);
			path = PGDatePicker;
			sourceTree = "<group>";
		};
		BA8C73CF263FCEB300C0247D /* CCAFNetworking */ = {
			isa = PBXGroup;
			children = (
				BA8C73D0263FCEB300C0247D /* CCFetchTool.m */,
				BA8C73D1263FCEB300C0247D /* CCFetchTool.h */,
			);
			path = CCAFNetworking;
			sourceTree = "<group>";
		};
		BA8C73D6263FD4C200C0247D /* ProjextDetail */ = {
			isa = PBXGroup;
			children = (
				BA8C73D7263FD4D900C0247D /* ProjectDetailViewController.h */,
				BA8C73D8263FD4D900C0247D /* ProjectDetailViewController.m */,
				BA8FEE5F2646A16E003100CC /* ChildProjectDetailViewController.h */,
				BA8FEE602646A16E003100CC /* ChildProjectDetailViewController.m */,
				BA8FEE652646A6CD003100CC /* DetailViewController.h */,
				BA8FEE662646A6CD003100CC /* DetailViewController.m */,
				BA8FEE6B2646C164003100CC /* PersonalViewController.h */,
				BA8FEE6C2646C164003100CC /* PersonalViewController.m */,
				BA8FEE712646C7E4003100CC /* NewTaskViewController.h */,
				BA8FEE722646C7E4003100CC /* NewTaskViewController.m */,
				BAC52C922648168300BFA69E /* selectPersonViewController.h */,
				BAC52C932648168300BFA69E /* selectPersonViewController.m */,
			);
			path = ProjextDetail;
			sourceTree = "<group>";
		};
		BA90522D26384582005CAD03 /* Model */ = {
			isa = PBXGroup;
			children = (
				BA90523126384E82005CAD03 /* RespondObject.h */,
				BA90523226384E82005CAD03 /* RespondObject.m */,
				BAA6E2E32638FF4400A63F83 /* userInfo.h */,
				BAA6E2E42638FF4400A63F83 /* userInfo.m */,
				BA8C73DD263FD65600C0247D /* Task.h */,
				BA8C73DE263FD65600C0247D /* Task.m */,
				BA8C73E3263FD76700C0247D /* tag.h */,
				BA8C73E4263FD76700C0247D /* tag.m */,
				BA8922382644011A0073AEBE /* participant.h */,
				BA8922392644011A0073AEBE /* participant.m */,
				BA89223E2644016F0073AEBE /* subTask.h */,
				BA89223F2644016F0073AEBE /* subTask.m */,
				BA8922F1264433150073AEBE /* Project.h */,
				BA8922F2264433150073AEBE /* Project.m */,
			);
			path = Model;
			sourceTree = "<group>";
		};
		BAA3977B2631BFAB000C0A34 /* LoginView */ = {
			isa = PBXGroup;
			children = (
				BAA3977C2631BFB4000C0A34 /* ViewController */,
			);
			path = LoginView;
			sourceTree = "<group>";
		};
		BAA3977C2631BFB4000C0A34 /* ViewController */ = {
			isa = PBXGroup;
			children = (
				BAA3977D2631BFC4000C0A34 /* LoginViewController.h */,
				BAA3977E2631BFC4000C0A34 /* LoginViewController.m */,
			);
			path = ViewController;
			sourceTree = "<group>";
		};
		BAA3978B2631C8E8000C0A34 /* ThirdLib */ = {
			isa = PBXGroup;
			children = (
				BA8922EC26442AC50073AEBE /* MBProgressHUD.h */,
				BA8922EB26442AC40073AEBE /* MBProgressHUD.m */,
				BA8922E626442A470073AEBE /* LCProgressHUD.h */,
				BA8922E526442A470073AEBE /* LCProgressHUD.m */,
				BA89228526441E520073AEBE /* PGDatePicker */,
				BA89226C26440F9A0073AEBE /* LSTTimer */,
				BA89225726440E2B0073AEBE /* LSTPopView */,
				BA892250264404E00073AEBE /* YCMenuViewCompont */,
				BAA76AD426329C3C005DC327 /* AFNetworking */,
			);
			path = ThirdLib;
			sourceTree = "<group>";
		};
		BAA76AD426329C3C005DC327 /* AFNetworking */ = {
			isa = PBXGroup;
			children = (
				BAA76AD526329C3C005DC327 /* LICENSE */,
				BAA76AD626329C3C005DC327 /* README.md */,
				BAA76AD726329C3C005DC327 /* UIKit+AFNetworking */,
				BAA76AEC26329C3C005DC327 /* AFNetworking */,
			);
			path = AFNetworking;
			sourceTree = "<group>";
		};
		BAA76AD726329C3C005DC327 /* UIKit+AFNetworking */ = {
			isa = PBXGroup;
			children = (
				BAA76AD826329C3C005DC327 /* UIProgressView+AFNetworking.m */,
				BAA76AD926329C3C005DC327 /* UIButton+AFNetworking.h */,
				BAA76ADA26329C3C005DC327 /* UIRefreshControl+AFNetworking.m */,
				BAA76ADB26329C3C005DC327 /* UIImageView+AFNetworking.h */,
				BAA76ADC26329C3C005DC327 /* AFImageDownloader.h */,
				BAA76ADD26329C3C005DC327 /* AFNetworkActivityIndicatorManager.m */,
				BAA76ADE26329C3C005DC327 /* AFAutoPurgingImageCache.h */,
				BAA76ADF26329C3C005DC327 /* UIWebView+AFNetworking.h */,
				BAA76AE026329C3C005DC327 /* UIActivityIndicatorView+AFNetworking.h */,
				BAA76AE126329C3C005DC327 /* UIImage+AFNetworking.h */,
				BAA76AE226329C3C005DC327 /* UIProgressView+AFNetworking.h */,
				BAA76AE326329C3C005DC327 /* UIImageView+AFNetworking.m */,
				BAA76AE426329C3C005DC327 /* UIKit+AFNetworking.h */,
				BAA76AE526329C3C005DC327 /* UIRefreshControl+AFNetworking.h */,
				BAA76AE626329C3C005DC327 /* UIButton+AFNetworking.m */,
				BAA76AE726329C3C005DC327 /* UIActivityIndicatorView+AFNetworking.m */,
				BAA76AE826329C3C005DC327 /* UIWebView+AFNetworking.m */,
				BAA76AE926329C3C005DC327 /* AFAutoPurgingImageCache.m */,
				BAA76AEA26329C3C005DC327 /* AFNetworkActivityIndicatorManager.h */,
				BAA76AEB26329C3C005DC327 /* AFImageDownloader.m */,
			);
			path = "UIKit+AFNetworking";
			sourceTree = "<group>";
		};
		BAA76AEC26329C3C005DC327 /* AFNetworking */ = {
			isa = PBXGroup;
			children = (
				BAA76AED26329C3C005DC327 /* AFSecurityPolicy.h */,
				BAA76AEE26329C3C005DC327 /* AFNetworkReachabilityManager.h */,
				BAA76AEF26329C3C005DC327 /* AFURLSessionManager.h */,
				BAA76AF026329C3C005DC327 /* AFURLRequestSerialization.h */,
				BAA76AF126329C3C005DC327 /* AFURLResponseSerialization.m */,
				BAA76AF226329C3C005DC327 /* AFHTTPSessionManager.m */,
				BAA76AF326329C3C005DC327 /* AFURLResponseSerialization.h */,
				BAA76AF426329C3C005DC327 /* AFURLSessionManager.m */,
				BAA76AF526329C3C005DC327 /* AFURLRequestSerialization.m */,
				BAA76AF626329C3C005DC327 /* AFNetworking.h */,
				BAA76AF726329C3C005DC327 /* AFNetworkReachabilityManager.m */,
				BAA76AF826329C3C005DC327 /* AFSecurityPolicy.m */,
				BAA76AF926329C3C005DC327 /* AFCompatibilityMacros.h */,
				BAA76AFA26329C3C005DC327 /* AFHTTPSessionManager.h */,
			);
			path = AFNetworking;
			sourceTree = "<group>";
		};
		BAA76B182632B4B3005DC327 /* RegisteView */ = {
			isa = PBXGroup;
			children = (
				BAA76B192632B4BF005DC327 /* ViewController */,
			);
			path = RegisteView;
			sourceTree = "<group>";
		};
		BAA76B192632B4BF005DC327 /* ViewController */ = {
			isa = PBXGroup;
			children = (
				BAA76B1A2632B4CF005DC327 /* RegisteViewController.h */,
				BAA76B1B2632B4CF005DC327 /* RegisteViewController.m */,
			);
			path = ViewController;
			sourceTree = "<group>";
		};
		BAF619DF2631230A004804DA = {
			isa = PBXGroup;
			children = (
				BAF619EA2631230A004804DA /* Concerto */,
				BAF61A062631230B004804DA /* ConcertoTests */,
				BAF61A112631230B004804DA /* ConcertoUITests */,
				BAF619E92631230A004804DA /* Products */,
				3A7860D353C49C202A7308DC /* Pods */,
				AD3B9711EFB906FC384408E1 /* Frameworks */,
			);
			sourceTree = "<group>";
		};
		BAF619E92631230A004804DA /* Products */ = {
			isa = PBXGroup;
			children = (
				BAF619E82631230A004804DA /* Concerto.app */,
				BAF61A032631230B004804DA /* ConcertoTests.xctest */,
				BAF61A0E2631230B004804DA /* ConcertoUITests.xctest */,
			);
			name = Products;
			sourceTree = "<group>";
		};
		BAF619EA2631230A004804DA /* Concerto */ = {
			isa = PBXGroup;
			children = (
				BA8C73D6263FD4C200C0247D /* ProjextDetail */,
				BA90522D26384582005CAD03 /* Model */,
				BA1843F326343634009ACFC8 /* MyView */,
				BA1843E92634361E009ACFC8 /* MainView */,
				BA1843DF26343602009ACFC8 /* myProjectView */,
				BA1843D52634331B009ACFC8 /* AllTabbar */,
				BAA76B182632B4B3005DC327 /* RegisteView */,
				BAA3978B2631C8E8000C0A34 /* ThirdLib */,
				BAA3977B2631BFAB000C0A34 /* LoginView */,
				BAF61A232631232E004804DA /* WSH */,
				BAF619EB2631230A004804DA /* AppDelegate.h */,
				BAF619EC2631230A004804DA /* AppDelegate.m */,
				BAF619F12631230A004804DA /* ViewController.h */,
				BAF619F22631230A004804DA /* ViewController.m */,
				BAF619F42631230A004804DA /* Main.storyboard */,
				BAF619F72631230B004804DA /* Assets.xcassets */,
				BAF619F92631230B004804DA /* LaunchScreen.storyboard */,
				BAF619FC2631230B004804DA /* Info.plist */,
				BAF619FD2631230B004804DA /* main.m */,
			);
			path = Concerto;
			sourceTree = "<group>";
		};
		BAF61A062631230B004804DA /* ConcertoTests */ = {
			isa = PBXGroup;
			children = (
				BAF61A072631230B004804DA /* ConcertoTests.m */,
				BAF61A092631230B004804DA /* Info.plist */,
			);
			path = ConcertoTests;
			sourceTree = "<group>";
		};
		BAF61A112631230B004804DA /* ConcertoUITests */ = {
			isa = PBXGroup;
			children = (
				BAF61A122631230B004804DA /* ConcertoUITests.m */,
				BAF61A142631230B004804DA /* Info.plist */,
			);
			path = ConcertoUITests;
			sourceTree = "<group>";
		};
		BAF61A232631232E004804DA /* WSH */ = {
			isa = PBXGroup;
			children = (
				BAC52C8D264813B100BFA69E /* WSHPickerView.h */,
				BAC52C8C264813B100BFA69E /* WSHPickerView.m */,
				BA8C73CF263FCEB300C0247D /* CCAFNetworking */,
				BA395972263FB411002C0D19 /* SizeHeader.h */,
				BAA397762631BEDD000C0A34 /* ViewManager.h */,
				BAA397752631BEDD000C0A34 /* ViewManager.m */,
				BAF61A252631232E004804DA /* UnitCell.h */,
				BAF61A262631232E004804DA /* ApiManager.h */,
				BAF61A272631232E004804DA /* CreateBase.h */,
				BAF61A282631232E004804DA /* AppData.m */,
				BAF61A292631232E004804DA /* Readme */,
				BAF61A2B2631232E004804DA /* NullSafe.m */,
				BAF61A2F2631232E004804DA /* ApiManager.m */,
				BAF61A302631232E004804DA /* UnitCell.m */,
				BAF61A312631232E004804DA /* PrefixHeader.pch */,
				BAF61A322631232E004804DA /* AppData.h */,
				BAF61A332631232E004804DA /* CreateBase.m */,
			);
			path = WSH;
			sourceTree = "<group>";
		};
/* End PBXGroup section */

/* Begin PBXNativeTarget section */
		BAF619E72631230A004804DA /* Concerto */ = {
			isa = PBXNativeTarget;
			buildConfigurationList = BAF61A172631230B004804DA /* Build configuration list for PBXNativeTarget "Concerto" */;
			buildPhases = (
				64FFC362E97AB152D75FCA7F /* [CP] Check Pods Manifest.lock */,
				BAF619E42631230A004804DA /* Sources */,
				BAF619E52631230A004804DA /* Frameworks */,
				BAF619E62631230A004804DA /* Resources */,
				A426BCB134186BBF330EC25E /* [CP] Copy Pods Resources */,
			);
			buildRules = (
			);
			dependencies = (
			);
			name = Concerto;
			productName = Concerto;
			productReference = BAF619E82631230A004804DA /* Concerto.app */;
			productType = "com.apple.product-type.application";
		};
		BAF61A022631230B004804DA /* ConcertoTests */ = {
			isa = PBXNativeTarget;
			buildConfigurationList = BAF61A1A2631230B004804DA /* Build configuration list for PBXNativeTarget "ConcertoTests" */;
			buildPhases = (
				BAF619FF2631230B004804DA /* Sources */,
				BAF61A002631230B004804DA /* Frameworks */,
				BAF61A012631230B004804DA /* Resources */,
			);
			buildRules = (
			);
			dependencies = (
				BAF61A052631230B004804DA /* PBXTargetDependency */,
			);
			name = ConcertoTests;
			productName = ConcertoTests;
			productReference = BAF61A032631230B004804DA /* ConcertoTests.xctest */;
			productType = "com.apple.product-type.bundle.unit-test";
		};
		BAF61A0D2631230B004804DA /* ConcertoUITests */ = {
			isa = PBXNativeTarget;
			buildConfigurationList = BAF61A1D2631230B004804DA /* Build configuration list for PBXNativeTarget "ConcertoUITests" */;
			buildPhases = (
				BAF61A0A2631230B004804DA /* Sources */,
				BAF61A0B2631230B004804DA /* Frameworks */,
				BAF61A0C2631230B004804DA /* Resources */,
			);
			buildRules = (
			);
			dependencies = (
				BAF61A102631230B004804DA /* PBXTargetDependency */,
			);
			name = ConcertoUITests;
			productName = ConcertoUITests;
			productReference = BAF61A0E2631230B004804DA /* ConcertoUITests.xctest */;
			productType = "com.apple.product-type.bundle.ui-testing";
		};
/* End PBXNativeTarget section */

/* Begin PBXProject section */
		BAF619E02631230A004804DA /* Project object */ = {
			isa = PBXProject;
			attributes = {
				LastUpgradeCheck = 1220;
				TargetAttributes = {
					BAF619E72631230A004804DA = {
						CreatedOnToolsVersion = 12.2;
					};
					BAF61A022631230B004804DA = {
						CreatedOnToolsVersion = 12.2;
						TestTargetID = BAF619E72631230A004804DA;
					};
					BAF61A0D2631230B004804DA = {
						CreatedOnToolsVersion = 12.2;
						TestTargetID = BAF619E72631230A004804DA;
					};
				};
			};
			buildConfigurationList = BAF619E32631230A004804DA /* Build configuration list for PBXProject "Concerto" */;
			compatibilityVersion = "Xcode 9.3";
			developmentRegion = en;
			hasScannedForEncodings = 0;
			knownRegions = (
				en,
				Base,
			);
			mainGroup = BAF619DF2631230A004804DA;
			productRefGroup = BAF619E92631230A004804DA /* Products */;
			projectDirPath = "";
			projectRoot = "";
			targets = (
				BAF619E72631230A004804DA /* Concerto */,
				BAF61A022631230B004804DA /* ConcertoTests */,
				BAF61A0D2631230B004804DA /* ConcertoUITests */,
			);
		};
/* End PBXProject section */

/* Begin PBXResourcesBuildPhase section */
		BAF619E62631230A004804DA /* Resources */ = {
			isa = PBXResourcesBuildPhase;
			buildActionMask = 2147483647;
			files = (
				BAA76AFC26329C3C005DC327 /* README.md in Resources */,
				BA8922C726441E530073AEBE /* PGDatePicker.bundle in Resources */,
				BAF61A362631232E004804DA /* Readme in Resources */,
				BAF619FB2631230B004804DA /* LaunchScreen.storyboard in Resources */,
				BAF619F82631230B004804DA /* Assets.xcassets in Resources */,
				BAF619F62631230A004804DA /* Main.storyboard in Resources */,
				BAA76AFB26329C3C005DC327 /* LICENSE in Resources */,
			);
			runOnlyForDeploymentPostprocessing = 0;
		};
		BAF61A012631230B004804DA /* Resources */ = {
			isa = PBXResourcesBuildPhase;
			buildActionMask = 2147483647;
			files = (
			);
			runOnlyForDeploymentPostprocessing = 0;
		};
		BAF61A0C2631230B004804DA /* Resources */ = {
			isa = PBXResourcesBuildPhase;
			buildActionMask = 2147483647;
			files = (
			);
			runOnlyForDeploymentPostprocessing = 0;
		};
/* End PBXResourcesBuildPhase section */

/* Begin PBXShellScriptBuildPhase section */
		64FFC362E97AB152D75FCA7F /* [CP] Check Pods Manifest.lock */ = {
			isa = PBXShellScriptBuildPhase;
			buildActionMask = 2147483647;
			files = (
			);
			inputFileListPaths = (
			);
			inputPaths = (
				"${PODS_PODFILE_DIR_PATH}/Podfile.lock",
				"${PODS_ROOT}/Manifest.lock",
			);
			name = "[CP] Check Pods Manifest.lock";
			outputFileListPaths = (
			);
			outputPaths = (
				"$(DERIVED_FILE_DIR)/Pods-Concerto-checkManifestLockResult.txt",
			);
			runOnlyForDeploymentPostprocessing = 0;
			shellPath = /bin/sh;
			shellScript = "diff \"${PODS_PODFILE_DIR_PATH}/Podfile.lock\" \"${PODS_ROOT}/Manifest.lock\" > /dev/null\nif [ $? != 0 ] ; then\n    # print error to STDERR\n    echo \"error: The sandbox is not in sync with the Podfile.lock. Run 'pod install' or update your CocoaPods installation.\" >&2\n    exit 1\nfi\n# This output is used by Xcode 'outputs' to avoid re-running this script phase.\necho \"SUCCESS\" > \"${SCRIPT_OUTPUT_FILE_0}\"\n";
			showEnvVarsInLog = 0;
		};
		A426BCB134186BBF330EC25E /* [CP] Copy Pods Resources */ = {
			isa = PBXShellScriptBuildPhase;
			buildActionMask = 2147483647;
			files = (
			);
			inputFileListPaths = (
				"${PODS_ROOT}/Target Support Files/Pods-Concerto/Pods-Concerto-resources-${CONFIGURATION}-input-files.xcfilelist",
			);
			name = "[CP] Copy Pods Resources";
			outputFileListPaths = (
				"${PODS_ROOT}/Target Support Files/Pods-Concerto/Pods-Concerto-resources-${CONFIGURATION}-output-files.xcfilelist",
			);
			runOnlyForDeploymentPostprocessing = 0;
			shellPath = /bin/sh;
			shellScript = "\"${PODS_ROOT}/Target Support Files/Pods-Concerto/Pods-Concerto-resources.sh\"\n";
			showEnvVarsInLog = 0;
		};
/* End PBXShellScriptBuildPhase section */

/* Begin PBXSourcesBuildPhase section */
		BAF619E42631230A004804DA /* Sources */ = {
			isa = PBXSourcesBuildPhase;
			buildActionMask = 2147483647;
			files = (
				BAF61A3B2631232E004804DA /* CreateBase.m in Sources */,
				BA89227426440F9A0073AEBE /* LSTTimer.m in Sources */,
				BA1843FF263437E2009ACFC8 /* MainTabViewController.m in Sources */,
				BAF619F32631230A004804DA /* ViewController.m in Sources */,
				BA8922B726441E530073AEBE /* PGDatePicker+Date.m in Sources */,
				BAA76AFE26329C3C005DC327 /* UIRefreshControl+AFNetworking.m in Sources */,
				BAA76AFD26329C3C005DC327 /* UIProgressView+AFNetworking.m in Sources */,
				BAF61A392631232E004804DA /* ApiManager.m in Sources */,
				BAA76B0026329C3C005DC327 /* UIImageView+AFNetworking.m in Sources */,
				BAA76B0B26329C3C005DC327 /* AFSecurityPolicy.m in Sources */,
				BA8922C226441E530073AEBE /* PGDatePicker+MonthDayHourMinute.m in Sources */,
				BAF619ED2631230A004804DA /* AppDelegate.m in Sources */,
				BA8C73D9263FD4D900C0247D /* ProjectDetailViewController.m in Sources */,
				BA8922BC26441E530073AEBE /* PGDatePicker+MonthDayHour.m in Sources */,
				BA8FEE732646C7E4003100CC /* NewTaskViewController.m in Sources */,
				BAF619FE2631230B004804DA /* main.m in Sources */,
				BA8922C826441E530073AEBE /* PGDatePicker+TimeAndSecond.m in Sources */,
				BA89223A2644011A0073AEBE /* participant.m in Sources */,
				BA8922C626441E530073AEBE /* PGDatePicker+DateHour.m in Sources */,
				BAF61A3A2631232E004804DA /* UnitCell.m in Sources */,
				BA8922F3264433150073AEBE /* Project.m in Sources */,
				BA8922402644016F0073AEBE /* subTask.m in Sources */,
				BAA397772631BEDD000C0A34 /* ViewManager.m in Sources */,
				BA8922CD26441E530073AEBE /* PGDatePicker+Year.m in Sources */,
				BA8922C526441E530073AEBE /* NSDate+PGCategory.m in Sources */,
				BAA76B0326329C3C005DC327 /* UIWebView+AFNetworking.m in Sources */,
				BAA76AFF26329C3C005DC327 /* AFNetworkActivityIndicatorManager.m in Sources */,
				BAA76B0726329C3C005DC327 /* AFHTTPSessionManager.m in Sources */,
				BA8922BF26441E530073AEBE /* PGDatePickManager.m in Sources */,
				BAC52C942648168300BFA69E /* selectPersonViewController.m in Sources */,
				BA8C73DF263FD65600C0247D /* Task.m in Sources */,
				BA8922DE26441F3E0073AEBE /* PGPickerTableView.m in Sources */,
				BA1843EC2634362C009ACFC8 /* MainViewController.m in Sources */,
				BAA76B1C2632B4CF005DC327 /* RegisteViewController.m in Sources */,
				BA8922C426441E530073AEBE /* PGDatePicker+DateHourMinute.m in Sources */,
				BAA76B0526329C3C005DC327 /* AFImageDownloader.m in Sources */,
				BA89226526440E2B0073AEBE /* LSTPopView.m in Sources */,
				BA8922BB26441E530073AEBE /* PGDatePickerView.m in Sources */,
				BAA76B0126329C3C005DC327 /* UIButton+AFNetworking.m in Sources */,
				BAA6E2E52638FF4400A63F83 /* userInfo.m in Sources */,
				BA8C73E5263FD76700C0247D /* tag.m in Sources */,
				BA8922CE26441E530073AEBE /* PGDatePicker+DateHourMinuteSecond.m in Sources */,
				BA184405263443D2009ACFC8 /* ChildViewController.m in Sources */,
				BA8922C926441E530073AEBE /* PGDatePicker+DateAndTime.m in Sources */,
				BAA76B0826329C3C005DC327 /* AFURLSessionManager.m in Sources */,
				BA8FEE6D2646C164003100CC /* PersonalViewController.m in Sources */,
				BA8922CC26441E530073AEBE /* PGDatePickManagerHeaderView.m in Sources */,
				BA8922C326441E530073AEBE /* PGDatePicker+MonthDayHourMinuteSecond.m in Sources */,
				BA89226626440E2B0073AEBE /* UIView+LSTPV.m in Sources */,
				BAA76B0626329C3C005DC327 /* AFURLResponseSerialization.m in Sources */,
				BA8FEE672646A6CD003100CC /* DetailViewController.m in Sources */,
				BAF61A352631232E004804DA /* AppData.m in Sources */,
				BA89226726440E2B0073AEBE /* LSTAlert.m in Sources */,
				BA8C73D2263FCEB300C0247D /* CCFetchTool.m in Sources */,
				BAA3977F2631BFC4000C0A34 /* LoginViewController.m in Sources */,
				BA8922DD26441F3E0073AEBE /* PGPickerView.m in Sources */,
				BA8922DC26441F3E0073AEBE /* PGPickerColumnView.m in Sources */,
				BA8FEE612646A16E003100CC /* ChildProjectDetailViewController.m in Sources */,
				BA8922B926441E530073AEBE /* PGDatePicker.m in Sources */,
				BAA76B0426329C3C005DC327 /* AFAutoPurgingImageCache.m in Sources */,
				BA8922BD26441E530073AEBE /* PGDatePicker+YearAndMonth.m in Sources */,
				BA8922C126441E530073AEBE /* NSBundle+PGDatePicker.m in Sources */,
				BA1843F62634363D009ACFC8 /* MyViewController.m in Sources */,
				BA8922C026441E530073AEBE /* PGDatePicker+Logic.m in Sources */,
				BA8922CB26441E530073AEBE /* PGDatePicker+MonthDay.m in Sources */,
				BAA76B0926329C3C005DC327 /* AFURLRequestSerialization.m in Sources */,
				BA1843E226343619009ACFC8 /* myProjectViewController.m in Sources */,
				BA8922CA26441E530073AEBE /* PGDatePicker+Common.m in Sources */,
				BA8922B826441E530073AEBE /* PGDatePicker+MinuteAndSecond.m in Sources */,
				BA892253264404E00073AEBE /* YCMenuView.m in Sources */,
				BA90523326384E82005CAD03 /* RespondObject.m in Sources */,
				BA8922DB26441F3E0073AEBE /* PGPickerColumnCell.m in Sources */,
				BAA76B0226329C3C005DC327 /* UIActivityIndicatorView+AFNetworking.m in Sources */,
				BAA76B0A26329C3C005DC327 /* AFNetworkReachabilityManager.m in Sources */,
				BAC52C8E264813B100BFA69E /* WSHPickerView.m in Sources */,
				BA8922BA26441E530073AEBE /* UIColor+PGHex.m in Sources */,
				BAF61A372631232E004804DA /* NullSafe.m in Sources */,
				BA8922ED26442AC50073AEBE /* MBProgressHUD.m in Sources */,
				BA8922BE26441E530073AEBE /* PGDatePicker+Time.m in Sources */,
				BA8922E726442A470073AEBE /* LCProgressHUD.m in Sources */,
			);
			runOnlyForDeploymentPostprocessing = 0;
		};
		BAF619FF2631230B004804DA /* Sources */ = {
			isa = PBXSourcesBuildPhase;
			buildActionMask = 2147483647;
			files = (
				BAF61A082631230B004804DA /* ConcertoTests.m in Sources */,
			);
			runOnlyForDeploymentPostprocessing = 0;
		};
		BAF61A0A2631230B004804DA /* Sources */ = {
			isa = PBXSourcesBuildPhase;
			buildActionMask = 2147483647;
			files = (
				BAF61A132631230B004804DA /* ConcertoUITests.m in Sources */,
			);
			runOnlyForDeploymentPostprocessing = 0;
		};
/* End PBXSourcesBuildPhase section */

/* Begin PBXTargetDependency section */
		BAF61A052631230B004804DA /* PBXTargetDependency */ = {
			isa = PBXTargetDependency;
			target = BAF619E72631230A004804DA /* Concerto */;
			targetProxy = BAF61A042631230B004804DA /* PBXContainerItemProxy */;
		};
		BAF61A102631230B004804DA /* PBXTargetDependency */ = {
			isa = PBXTargetDependency;
			target = BAF619E72631230A004804DA /* Concerto */;
			targetProxy = BAF61A0F2631230B004804DA /* PBXContainerItemProxy */;
		};
/* End PBXTargetDependency section */

/* Begin PBXVariantGroup section */
		BAF619F42631230A004804DA /* Main.storyboard */ = {
			isa = PBXVariantGroup;
			children = (
				BAF619F52631230A004804DA /* Base */,
			);
			name = Main.storyboard;
			sourceTree = "<group>";
		};
		BAF619F92631230B004804DA /* LaunchScreen.storyboard */ = {
			isa = PBXVariantGroup;
			children = (
				BAF619FA2631230B004804DA /* Base */,
			);
			name = LaunchScreen.storyboard;
			sourceTree = "<group>";
		};
/* End PBXVariantGroup section */

/* Begin XCBuildConfiguration section */
		BAF61A152631230B004804DA /* Debug */ = {
			isa = XCBuildConfiguration;
			buildSettings = {
				ALWAYS_SEARCH_USER_PATHS = NO;
				CLANG_ANALYZER_NONNULL = YES;
				CLANG_ANALYZER_NUMBER_OBJECT_CONVERSION = YES_AGGRESSIVE;
				CLANG_CXX_LANGUAGE_STANDARD = "gnu++14";
				CLANG_CXX_LIBRARY = "libc++";
				CLANG_ENABLE_MODULES = YES;
				CLANG_ENABLE_OBJC_ARC = YES;
				CLANG_ENABLE_OBJC_WEAK = YES;
				CLANG_WARN_BLOCK_CAPTURE_AUTORELEASING = YES;
				CLANG_WARN_BOOL_CONVERSION = YES;
				CLANG_WARN_COMMA = YES;
				CLANG_WARN_CONSTANT_CONVERSION = YES;
				CLANG_WARN_DEPRECATED_OBJC_IMPLEMENTATIONS = YES;
				CLANG_WARN_DIRECT_OBJC_ISA_USAGE = YES_ERROR;
				CLANG_WARN_DOCUMENTATION_COMMENTS = YES;
				CLANG_WARN_EMPTY_BODY = YES;
				CLANG_WARN_ENUM_CONVERSION = YES;
				CLANG_WARN_INFINITE_RECURSION = YES;
				CLANG_WARN_INT_CONVERSION = YES;
				CLANG_WARN_NON_LITERAL_NULL_CONVERSION = YES;
				CLANG_WARN_OBJC_IMPLICIT_RETAIN_SELF = YES;
				CLANG_WARN_OBJC_LITERAL_CONVERSION = YES;
				CLANG_WARN_OBJC_ROOT_CLASS = YES_ERROR;
				CLANG_WARN_QUOTED_INCLUDE_IN_FRAMEWORK_HEADER = YES;
				CLANG_WARN_RANGE_LOOP_ANALYSIS = YES;
				CLANG_WARN_STRICT_PROTOTYPES = YES;
				CLANG_WARN_SUSPICIOUS_MOVE = YES;
				CLANG_WARN_UNGUARDED_AVAILABILITY = YES_AGGRESSIVE;
				CLANG_WARN_UNREACHABLE_CODE = YES;
				CLANG_WARN__DUPLICATE_METHOD_MATCH = YES;
				COPY_PHASE_STRIP = NO;
				DEBUG_INFORMATION_FORMAT = dwarf;
				ENABLE_STRICT_OBJC_MSGSEND = YES;
				ENABLE_TESTABILITY = YES;
				GCC_C_LANGUAGE_STANDARD = gnu11;
				GCC_DYNAMIC_NO_PIC = NO;
				GCC_NO_COMMON_BLOCKS = YES;
				GCC_OPTIMIZATION_LEVEL = 0;
				GCC_PREPROCESSOR_DEFINITIONS = (
					"DEBUG=1",
					"$(inherited)",
				);
				GCC_WARN_64_TO_32_BIT_CONVERSION = YES;
				GCC_WARN_ABOUT_RETURN_TYPE = YES_ERROR;
				GCC_WARN_UNDECLARED_SELECTOR = YES;
				GCC_WARN_UNINITIALIZED_AUTOS = YES_AGGRESSIVE;
				GCC_WARN_UNUSED_FUNCTION = YES;
				GCC_WARN_UNUSED_VARIABLE = YES;
				IPHONEOS_DEPLOYMENT_TARGET = 14.2;
				MTL_ENABLE_DEBUG_INFO = INCLUDE_SOURCE;
				MTL_FAST_MATH = YES;
				ONLY_ACTIVE_ARCH = YES;
				SDKROOT = iphoneos;
			};
			name = Debug;
		};
		BAF61A162631230B004804DA /* Release */ = {
			isa = XCBuildConfiguration;
			buildSettings = {
				ALWAYS_SEARCH_USER_PATHS = NO;
				CLANG_ANALYZER_NONNULL = YES;
				CLANG_ANALYZER_NUMBER_OBJECT_CONVERSION = YES_AGGRESSIVE;
				CLANG_CXX_LANGUAGE_STANDARD = "gnu++14";
				CLANG_CXX_LIBRARY = "libc++";
				CLANG_ENABLE_MODULES = YES;
				CLANG_ENABLE_OBJC_ARC = YES;
				CLANG_ENABLE_OBJC_WEAK = YES;
				CLANG_WARN_BLOCK_CAPTURE_AUTORELEASING = YES;
				CLANG_WARN_BOOL_CONVERSION = YES;
				CLANG_WARN_COMMA = YES;
				CLANG_WARN_CONSTANT_CONVERSION = YES;
				CLANG_WARN_DEPRECATED_OBJC_IMPLEMENTATIONS = YES;
				CLANG_WARN_DIRECT_OBJC_ISA_USAGE = YES_ERROR;
				CLANG_WARN_DOCUMENTATION_COMMENTS = YES;
				CLANG_WARN_EMPTY_BODY = YES;
				CLANG_WARN_ENUM_CONVERSION = YES;
				CLANG_WARN_INFINITE_RECURSION = YES;
				CLANG_WARN_INT_CONVERSION = YES;
				CLANG_WARN_NON_LITERAL_NULL_CONVERSION = YES;
				CLANG_WARN_OBJC_IMPLICIT_RETAIN_SELF = YES;
				CLANG_WARN_OBJC_LITERAL_CONVERSION = YES;
				CLANG_WARN_OBJC_ROOT_CLASS = YES_ERROR;
				CLANG_WARN_QUOTED_INCLUDE_IN_FRAMEWORK_HEADER = YES;
				CLANG_WARN_RANGE_LOOP_ANALYSIS = YES;
				CLANG_WARN_STRICT_PROTOTYPES = YES;
				CLANG_WARN_SUSPICIOUS_MOVE = YES;
				CLANG_WARN_UNGUARDED_AVAILABILITY = YES_AGGRESSIVE;
				CLANG_WARN_UNREACHABLE_CODE = YES;
				CLANG_WARN__DUPLICATE_METHOD_MATCH = YES;
				COPY_PHASE_STRIP = NO;
				DEBUG_INFORMATION_FORMAT = "dwarf-with-dsym";
				ENABLE_NS_ASSERTIONS = NO;
				ENABLE_STRICT_OBJC_MSGSEND = YES;
				GCC_C_LANGUAGE_STANDARD = gnu11;
				GCC_NO_COMMON_BLOCKS = YES;
				GCC_WARN_64_TO_32_BIT_CONVERSION = YES;
				GCC_WARN_ABOUT_RETURN_TYPE = YES_ERROR;
				GCC_WARN_UNDECLARED_SELECTOR = YES;
				GCC_WARN_UNINITIALIZED_AUTOS = YES_AGGRESSIVE;
				GCC_WARN_UNUSED_FUNCTION = YES;
				GCC_WARN_UNUSED_VARIABLE = YES;
				IPHONEOS_DEPLOYMENT_TARGET = 14.2;
				MTL_ENABLE_DEBUG_INFO = NO;
				MTL_FAST_MATH = YES;
				SDKROOT = iphoneos;
				VALIDATE_PRODUCT = YES;
			};
			name = Release;
		};
		BAF61A182631230B004804DA /* Debug */ = {
			isa = XCBuildConfiguration;
			baseConfigurationReference = 402A4073F2CAC24ED88DA8F9 /* Pods-Concerto.debug.xcconfig */;
			buildSettings = {
				ASSETCATALOG_COMPILER_APPICON_NAME = AppIcon;
				ASSETCATALOG_COMPILER_GLOBAL_ACCENT_COLOR_NAME = AccentColor;
				CODE_SIGN_STYLE = Automatic;
				DEVELOPMENT_TEAM = L28NG732PD;
				GCC_PREFIX_HEADER = "$(SRCROOT)/Concerto/WSH/PrefixHeader.pch";
				INFOPLIST_FILE = Concerto/Info.plist;
				IPHONEOS_DEPLOYMENT_TARGET = 11.0;
				LD_RUNPATH_SEARCH_PATHS = (
					"$(inherited)",
					"@executable_path/Frameworks",
				);
				MARKETING_VERSION = 1.1;
				PRODUCT_BUNDLE_IDENTIFIER = ConcertoTeam.ConcertoWSH;
				PRODUCT_NAME = "$(TARGET_NAME)";
				TARGETED_DEVICE_FAMILY = "1,2";
			};
			name = Debug;
		};
		BAF61A192631230B004804DA /* Release */ = {
			isa = XCBuildConfiguration;
			baseConfigurationReference = E5DDFF519C94FB76A5717B29 /* Pods-Concerto.release.xcconfig */;
			buildSettings = {
				ASSETCATALOG_COMPILER_APPICON_NAME = AppIcon;
				ASSETCATALOG_COMPILER_GLOBAL_ACCENT_COLOR_NAME = AccentColor;
				CODE_SIGN_STYLE = Automatic;
				DEVELOPMENT_TEAM = L28NG732PD;
				GCC_PREFIX_HEADER = "$(SRCROOT)/Concerto/WSH/PrefixHeader.pch";
				INFOPLIST_FILE = Concerto/Info.plist;
				IPHONEOS_DEPLOYMENT_TARGET = 11.0;
				LD_RUNPATH_SEARCH_PATHS = (
					"$(inherited)",
					"@executable_path/Frameworks",
				);
				MARKETING_VERSION = 1.1;
				PRODUCT_BUNDLE_IDENTIFIER = ConcertoTeam.ConcertoWSH;
				PRODUCT_NAME = "$(TARGET_NAME)";
				TARGETED_DEVICE_FAMILY = "1,2";
			};
			name = Release;
		};
		BAF61A1B2631230B004804DA /* Debug */ = {
			isa = XCBuildConfiguration;
			buildSettings = {
				BUNDLE_LOADER = "$(TEST_HOST)";
				CODE_SIGN_STYLE = Automatic;
				DEVELOPMENT_TEAM = 2HPL26N6NM;
				INFOPLIST_FILE = ConcertoTests/Info.plist;
				IPHONEOS_DEPLOYMENT_TARGET = 14.2;
				LD_RUNPATH_SEARCH_PATHS = (
					"$(inherited)",
					"@executable_path/Frameworks",
					"@loader_path/Frameworks",
				);
				PRODUCT_BUNDLE_IDENTIFIER = ConcertoTeam.ConcertoTests;
				PRODUCT_NAME = "$(TARGET_NAME)";
				TARGETED_DEVICE_FAMILY = "1,2";
				TEST_HOST = "$(BUILT_PRODUCTS_DIR)/Concerto.app/Concerto";
			};
			name = Debug;
		};
		BAF61A1C2631230B004804DA /* Release */ = {
			isa = XCBuildConfiguration;
			buildSettings = {
				BUNDLE_LOADER = "$(TEST_HOST)";
				CODE_SIGN_STYLE = Automatic;
				DEVELOPMENT_TEAM = 2HPL26N6NM;
				INFOPLIST_FILE = ConcertoTests/Info.plist;
				IPHONEOS_DEPLOYMENT_TARGET = 14.2;
				LD_RUNPATH_SEARCH_PATHS = (
					"$(inherited)",
					"@executable_path/Frameworks",
					"@loader_path/Frameworks",
				);
				PRODUCT_BUNDLE_IDENTIFIER = ConcertoTeam.ConcertoTests;
				PRODUCT_NAME = "$(TARGET_NAME)";
				TARGETED_DEVICE_FAMILY = "1,2";
				TEST_HOST = "$(BUILT_PRODUCTS_DIR)/Concerto.app/Concerto";
			};
			name = Release;
		};
		BAF61A1E2631230B004804DA /* Debug */ = {
			isa = XCBuildConfiguration;
			buildSettings = {
				CODE_SIGN_STYLE = Automatic;
				DEVELOPMENT_TEAM = 2HPL26N6NM;
				INFOPLIST_FILE = ConcertoUITests/Info.plist;
				LD_RUNPATH_SEARCH_PATHS = (
					"$(inherited)",
					"@executable_path/Frameworks",
					"@loader_path/Frameworks",
				);
				PRODUCT_BUNDLE_IDENTIFIER = ConcertoTeam.ConcertoUITests;
				PRODUCT_NAME = "$(TARGET_NAME)";
				TARGETED_DEVICE_FAMILY = "1,2";
				TEST_TARGET_NAME = Concerto;
			};
			name = Debug;
		};
		BAF61A1F2631230B004804DA /* Release */ = {
			isa = XCBuildConfiguration;
			buildSettings = {
				CODE_SIGN_STYLE = Automatic;
				DEVELOPMENT_TEAM = 2HPL26N6NM;
				INFOPLIST_FILE = ConcertoUITests/Info.plist;
				LD_RUNPATH_SEARCH_PATHS = (
					"$(inherited)",
					"@executable_path/Frameworks",
					"@loader_path/Frameworks",
				);
				PRODUCT_BUNDLE_IDENTIFIER = ConcertoTeam.ConcertoUITests;
				PRODUCT_NAME = "$(TARGET_NAME)";
				TARGETED_DEVICE_FAMILY = "1,2";
				TEST_TARGET_NAME = Concerto;
			};
			name = Release;
		};
/* End XCBuildConfiguration section */

/* Begin XCConfigurationList section */
		BAF619E32631230A004804DA /* Build configuration list for PBXProject "Concerto" */ = {
			isa = XCConfigurationList;
			buildConfigurations = (
				BAF61A152631230B004804DA /* Debug */,
				BAF61A162631230B004804DA /* Release */,
			);
			defaultConfigurationIsVisible = 0;
			defaultConfigurationName = Release;
		};
		BAF61A172631230B004804DA /* Build configuration list for PBXNativeTarget "Concerto" */ = {
			isa = XCConfigurationList;
			buildConfigurations = (
				BAF61A182631230B004804DA /* Debug */,
				BAF61A192631230B004804DA /* Release */,
			);
			defaultConfigurationIsVisible = 0;
			defaultConfigurationName = Release;
		};
		BAF61A1A2631230B004804DA /* Build configuration list for PBXNativeTarget "ConcertoTests" */ = {
			isa = XCConfigurationList;
			buildConfigurations = (
				BAF61A1B2631230B004804DA /* Debug */,
				BAF61A1C2631230B004804DA /* Release */,
			);
			defaultConfigurationIsVisible = 0;
			defaultConfigurationName = Release;
		};
		BAF61A1D2631230B004804DA /* Build configuration list for PBXNativeTarget "ConcertoUITests" */ = {
			isa = XCConfigurationList;
			buildConfigurations = (
				BAF61A1E2631230B004804DA /* Debug */,
				BAF61A1F2631230B004804DA /* Release */,
			);
			defaultConfigurationIsVisible = 0;
			defaultConfigurationName = Release;
		};
/* End XCConfigurationList section */
	};
	rootObject = BAF619E02631230A004804DA /* Project object */;
}
